// !$*UTF8*$!
{
	archiveVersion = 1;
	classes = {
	};
	objectVersion = 46;
	objects = {

/* Begin PBXBuildFile section */
		7B4232E318AA0DCC00F09F48 /* QuartzCore.framework in Frameworks */ = {isa = PBXBuildFile; fileRef = 7B4232E218AA0DCC00F09F48 /* QuartzCore.framework */; };
		7B4232E518AA0DCC00F09F48 /* Security.framework in Frameworks */ = {isa = PBXBuildFile; fileRef = 7B4232E418AA0DCC00F09F48 /* Security.framework */; };
		7B4232E718AA0DCC00F09F48 /* SystemConfiguration.framework in Frameworks */ = {isa = PBXBuildFile; fileRef = 7B4232E618AA0DCC00F09F48 /* SystemConfiguration.framework */; };
		7B4232E918AA0DCC00F09F48 /* AVFoundation.framework in Frameworks */ = {isa = PBXBuildFile; fileRef = 7B4232E818AA0DCC00F09F48 /* AVFoundation.framework */; };
		7B4232EB18AA0DCC00F09F48 /* UIKit.framework in Frameworks */ = {isa = PBXBuildFile; fileRef = 7B4232EA18AA0DCC00F09F48 /* UIKit.framework */; };
		7B4232ED18AA0DCC00F09F48 /* Foundation.framework in Frameworks */ = {isa = PBXBuildFile; fileRef = 7B4232EC18AA0DCC00F09F48 /* Foundation.framework */; };
		7B4232EF18AA0DCC00F09F48 /* CoreGraphics.framework in Frameworks */ = {isa = PBXBuildFile; fileRef = 7B4232EE18AA0DCC00F09F48 /* CoreGraphics.framework */; };
		7B4232F118AA0DCC00F09F48 /* MobileCoreServices.framework in Frameworks */ = {isa = PBXBuildFile; fileRef = 7B4232F018AA0DCC00F09F48 /* MobileCoreServices.framework */; };
		7B4232F318AA0DCC00F09F48 /* CoreVideo.framework in Frameworks */ = {isa = PBXBuildFile; fileRef = 7B4232F218AA0DCC00F09F48 /* CoreVideo.framework */; };
		7B4232F518AA0DCC00F09F48 /* CoreMedia.framework in Frameworks */ = {isa = PBXBuildFile; fileRef = 7B4232F418AA0DCC00F09F48 /* CoreMedia.framework */; };
		7B4232F718AA0DCC00F09F48 /* CFNetwork.framework in Frameworks */ = {isa = PBXBuildFile; fileRef = 7B4232F618AA0DCC00F09F48 /* CFNetwork.framework */; };
		7B4232FD18AA0DCC00F09F48 /* RootViewController.m in Sources */ = {isa = PBXBuildFile; fileRef = 7B4232FC18AA0DCC00F09F48 /* RootViewController.m */; };
		7B42330018AA0DCC00F09F48 /* HomeViewController.m in Sources */ = {isa = PBXBuildFile; fileRef = 7B4232FF18AA0DCC00F09F48 /* HomeViewController.m */; };
		7B42330318AA0DCC00F09F48 /* MenuViewController.m in Sources */ = {isa = PBXBuildFile; fileRef = 7B42330218AA0DCC00F09F48 /* MenuViewController.m */; };
		7B42330818AA0DCC00F09F48 /* Ivan_UITabBar.m in Sources */ = {isa = PBXBuildFile; fileRef = 7B42330718AA0DCC00F09F48 /* Ivan_UITabBar.m */; };
		7B42330B18AA0DCC00F09F48 /* UIBadgeView.m in Sources */ = {isa = PBXBuildFile; fileRef = 7B42330A18AA0DCC00F09F48 /* UIBadgeView.m */; };
		7B42330F18AA0DCC00F09F48 /* MainNavigation.m in Sources */ = {isa = PBXBuildFile; fileRef = 7B42330E18AA0DCC00F09F48 /* MainNavigation.m */; };
		7B42331318AA0DCC00F09F48 /* UIProgressHud.m in Sources */ = {isa = PBXBuildFile; fileRef = 7B42331218AA0DCC00F09F48 /* UIProgressHud.m */; };
		7B42331718AA0DCC00F09F48 /* IIWrapController.m in Sources */ = {isa = PBXBuildFile; fileRef = 7B42331618AA0DCC00F09F48 /* IIWrapController.m */; };
		7B42331A18AA0DCC00F09F48 /* IIViewDeckController.m in Sources */ = {isa = PBXBuildFile; fileRef = 7B42331918AA0DCC00F09F48 /* IIViewDeckController.m */; };
		7B42331E18AA0DCC00F09F48 /* UICheckbox.m in Sources */ = {isa = PBXBuildFile; fileRef = 7B42331D18AA0DCC00F09F48 /* UICheckbox.m */; };
		7B42332218AA0DCC00F09F48 /* HttpService.m in Sources */ = {isa = PBXBuildFile; fileRef = 7B42332118AA0DCC00F09F48 /* HttpService.m */; };
		7B42332518AA0DCC00F09F48 /* UIImageView+DispatchLoad.m in Sources */ = {isa = PBXBuildFile; fileRef = 7B42332418AA0DCC00F09F48 /* UIImageView+DispatchLoad.m */; };
		7B42332A18AA0DCC00F09F48 /* FMDatabase.m in Sources */ = {isa = PBXBuildFile; fileRef = 7B42332918AA0DCC00F09F48 /* FMDatabase.m */; };
		7B42332D18AA0DCC00F09F48 /* FMDatabaseAdditions.m in Sources */ = {isa = PBXBuildFile; fileRef = 7B42332C18AA0DCC00F09F48 /* FMDatabaseAdditions.m */; };
		7B42333018AA0DCC00F09F48 /* FMDatabasePool.m in Sources */ = {isa = PBXBuildFile; fileRef = 7B42332F18AA0DCC00F09F48 /* FMDatabasePool.m */; };
		7B42333318AA0DCC00F09F48 /* FMDatabaseQueue.m in Sources */ = {isa = PBXBuildFile; fileRef = 7B42333218AA0DCC00F09F48 /* FMDatabaseQueue.m */; };
		7B42333618AA0DCC00F09F48 /* FMResultSet.m in Sources */ = {isa = PBXBuildFile; fileRef = 7B42333518AA0DCC00F09F48 /* FMResultSet.m */; };
		7B42333A18AA0DCC00F09F48 /* DBManager.m in Sources */ = {isa = PBXBuildFile; fileRef = 7B42333918AA0DCC00F09F48 /* DBManager.m */; };
		7B42333F18AA0DCC00F09F48 /* Base.m in Sources */ = {isa = PBXBuildFile; fileRef = 7B42333E18AA0DCC00F09F48 /* Base.m */; };
		7B42334218AA0DCC00F09F48 /* Account.m in Sources */ = {isa = PBXBuildFile; fileRef = 7B42334118AA0DCC00F09F48 /* Account.m */; };
		7B42334518AA0DCC00F09F48 /* CityModel.m in Sources */ = {isa = PBXBuildFile; fileRef = 7B42334418AA0DCC00F09F48 /* CityModel.m */; };
		7B42334918AA0DCC00F09F48 /* UserInfo.m in Sources */ = {isa = PBXBuildFile; fileRef = 7B42334818AA0DCC00F09F48 /* UserInfo.m */; };
		7B42334D18AA0DCC00F09F48 /* FileManager.m in Sources */ = {isa = PBXBuildFile; fileRef = 7B42334C18AA0DCC00F09F48 /* FileManager.m */; };
		7B42335218AA0DCC00F09F48 /* NSDictionary(JSON).m in Sources */ = {isa = PBXBuildFile; fileRef = 7B42335118AA0DCC00F09F48 /* NSDictionary(JSON).m */; };
		7B42335518AA0DCC00F09F48 /* NSObject(Dictionary).m in Sources */ = {isa = PBXBuildFile; fileRef = 7B42335418AA0DCC00F09F48 /* NSObject(Dictionary).m */; };
		7B42335818AA0DCC00F09F48 /* NSString(Additions).m in Sources */ = {isa = PBXBuildFile; fileRef = 7B42335718AA0DCC00F09F48 /* NSString(Additions).m */; };
		7B42335B18AA0DCC00F09F48 /* UIDevice(Identifier).m in Sources */ = {isa = PBXBuildFile; fileRef = 7B42335A18AA0DCC00F09F48 /* UIDevice(Identifier).m */; };
		7B42335E18AA0DCC00F09F48 /* TimeTransform.m in Sources */ = {isa = PBXBuildFile; fileRef = 7B42335D18AA0DCC00F09F48 /* TimeTransform.m */; };
		7B42336118AA0DCC00F09F48 /* ArchiveTool.m in Sources */ = {isa = PBXBuildFile; fileRef = 7B42336018AA0DCC00F09F48 /* ArchiveTool.m */; };
		7B42336518AA0DCC00F09F48 /* Reachability.m in Sources */ = {isa = PBXBuildFile; fileRef = 7B42336418AA0DCC00F09F48 /* Reachability.m */; };
		7B42336B18AA0DCC00F09F48 /* TextStyle.m in Sources */ = {isa = PBXBuildFile; fileRef = 7B42336A18AA0DCC00F09F48 /* TextStyle.m */; };
		7B42337018AA0DCC00F09F48 /* RegexKitLite.a in Frameworks */ = {isa = PBXBuildFile; fileRef = 7B42336F18AA0DCC00F09F48 /* RegexKitLite.a */; };
		7B42337E18AA0DCD00F09F48 /* afnetworking.a in Frameworks */ = {isa = PBXBuildFile; fileRef = 7B42337D18AA0DCD00F09F48 /* afnetworking.a */; };
		7B42338F18AA0DCD00F09F48 /* sdwebimage.a in Frameworks */ = {isa = PBXBuildFile; fileRef = 7B42338E18AA0DCD00F09F48 /* sdwebimage.a */; };
		7B42339418AA0DCD00F09F48 /* Default.png in Resources */ = {isa = PBXBuildFile; fileRef = 7B42339318AA0DCD00F09F48 /* Default.png */; };
		7B42339618AA0DCD00F09F48 /* Default@2x.png in Resources */ = {isa = PBXBuildFile; fileRef = 7B42339518AA0DCD00F09F48 /* Default@2x.png */; };
		7B42339818AA0DCD00F09F48 /* Default-568h@2x.png in Resources */ = {isa = PBXBuildFile; fileRef = 7B42339718AA0DCD00F09F48 /* Default-568h@2x.png */; };
		7B42339A18AA0DCD00F09F48 /* icon.png in Resources */ = {isa = PBXBuildFile; fileRef = 7B42339918AA0DCD00F09F48 /* icon.png */; };
		7B42339C18AA0DCD00F09F48 /* icon@2x.png in Resources */ = {isa = PBXBuildFile; fileRef = 7B42339B18AA0DCD00F09F48 /* icon@2x.png */; };
		7B42339E18AA0DCD00F09F48 /* top_bt_bg@2x.png in Resources */ = {isa = PBXBuildFile; fileRef = 7B42339D18AA0DCD00F09F48 /* top_bt_bg@2x.png */; };
		7B4233A018AA0DCD00F09F48 /* gb_button@2x.png in Resources */ = {isa = PBXBuildFile; fileRef = 7B42339F18AA0DCD00F09F48 /* gb_button@2x.png */; };
		7B4233A218AA0DCD00F09F48 /* main_top_bg.png in Resources */ = {isa = PBXBuildFile; fileRef = 7B4233A118AA0DCD00F09F48 /* main_top_bg.png */; };
		7B4233A518AA0DCD00F09F48 /* checkbox_normal.png in Resources */ = {isa = PBXBuildFile; fileRef = 7B4233A418AA0DCD00F09F48 /* checkbox_normal.png */; };
		7B4233A718AA0DCD00F09F48 /* checkbox_pressed.png in Resources */ = {isa = PBXBuildFile; fileRef = 7B4233A618AA0DCD00F09F48 /* checkbox_pressed.png */; };
		7B4233AA18AA0DCD00F09F48 /* iTunesArtwork in Resources */ = {isa = PBXBuildFile; fileRef = 7B4233A918AA0DCD00F09F48 /* iTunesArtwork */; };
		7B4233AE18AA0DCD00F09F48 /* main.m in Sources */ = {isa = PBXBuildFile; fileRef = 7B4233AD18AA0DCD00F09F48 /* main.m */; };
		7B4233B118AA0DCD00F09F48 /* AppDelegate.m in Sources */ = {isa = PBXBuildFile; fileRef = 7B4233B018AA0DCD00F09F48 /* AppDelegate.m */; };
		7B4233BC18AA144300F09F48 /* AdvertiseView.m in Sources */ = {isa = PBXBuildFile; fileRef = 7B4233B918AA144300F09F48 /* AdvertiseView.m */; };
		7B4233BD18AA144300F09F48 /* CarousImageView.m in Sources */ = {isa = PBXBuildFile; fileRef = 7B4233BB18AA144300F09F48 /* CarousImageView.m */; };
/* End PBXBuildFile section */

/* Begin PBXFileReference section */
		7B4232DF18AA0DCC00F09F48 /* advertise.app */ = {isa = PBXFileReference; explicitFileType = wrapper.application; includeInIndex = 0; path = advertise.app; sourceTree = BUILT_PRODUCTS_DIR; };
		7B4232E218AA0DCC00F09F48 /* QuartzCore.framework */ = {isa = PBXFileReference; lastKnownFileType = wrapper.framework; name = QuartzCore.framework; path = System/Library/Frameworks/QuartzCore.framework; sourceTree = SDKROOT; };
		7B4232E418AA0DCC00F09F48 /* Security.framework */ = {isa = PBXFileReference; lastKnownFileType = wrapper.framework; name = Security.framework; path = System/Library/Frameworks/Security.framework; sourceTree = SDKROOT; };
		7B4232E618AA0DCC00F09F48 /* SystemConfiguration.framework */ = {isa = PBXFileReference; lastKnownFileType = wrapper.framework; name = SystemConfiguration.framework; path = System/Library/Frameworks/SystemConfiguration.framework; sourceTree = SDKROOT; };
		7B4232E818AA0DCC00F09F48 /* AVFoundation.framework */ = {isa = PBXFileReference; lastKnownFileType = wrapper.framework; name = AVFoundation.framework; path = System/Library/Frameworks/AVFoundation.framework; sourceTree = SDKROOT; };
		7B4232EA18AA0DCC00F09F48 /* UIKit.framework */ = {isa = PBXFileReference; lastKnownFileType = wrapper.framework; name = UIKit.framework; path = System/Library/Frameworks/UIKit.framework; sourceTree = SDKROOT; };
		7B4232EC18AA0DCC00F09F48 /* Foundation.framework */ = {isa = PBXFileReference; lastKnownFileType = wrapper.framework; name = Foundation.framework; path = System/Library/Frameworks/Foundation.framework; sourceTree = SDKROOT; };
		7B4232EE18AA0DCC00F09F48 /* CoreGraphics.framework */ = {isa = PBXFileReference; lastKnownFileType = wrapper.framework; name = CoreGraphics.framework; path = System/Library/Frameworks/CoreGraphics.framework; sourceTree = SDKROOT; };
		7B4232F018AA0DCC00F09F48 /* MobileCoreServices.framework */ = {isa = PBXFileReference; lastKnownFileType = wrapper.framework; name = MobileCoreServices.framework; path = System/Library/Frameworks/MobileCoreServices.framework; sourceTree = SDKROOT; };
		7B4232F218AA0DCC00F09F48 /* CoreVideo.framework */ = {isa = PBXFileReference; lastKnownFileType = wrapper.framework; name = CoreVideo.framework; path = System/Library/Frameworks/CoreVideo.framework; sourceTree = SDKROOT; };
		7B4232F418AA0DCC00F09F48 /* CoreMedia.framework */ = {isa = PBXFileReference; lastKnownFileType = wrapper.framework; name = CoreMedia.framework; path = System/Library/Frameworks/CoreMedia.framework; sourceTree = SDKROOT; };
		7B4232F618AA0DCC00F09F48 /* CFNetwork.framework */ = {isa = PBXFileReference; lastKnownFileType = wrapper.framework; name = CFNetwork.framework; path = System/Library/Frameworks/CFNetwork.framework; sourceTree = SDKROOT; };
		7B4232FB18AA0DCC00F09F48 /* RootViewController.h */ = {isa = PBXFileReference; lastKnownFileType = sourcecode.c.h; name = RootViewController.h; path = RootController/RootViewController.h; sourceTree = "<group>"; };
		7B4232FC18AA0DCC00F09F48 /* RootViewController.m */ = {isa = PBXFileReference; lastKnownFileType = sourcecode.c.objc; name = RootViewController.m; path = RootController/RootViewController.m; sourceTree = "<group>"; };
		7B4232FE18AA0DCC00F09F48 /* HomeViewController.h */ = {isa = PBXFileReference; lastKnownFileType = sourcecode.c.h; path = HomeViewController.h; sourceTree = "<group>"; };
		7B4232FF18AA0DCC00F09F48 /* HomeViewController.m */ = {isa = PBXFileReference; lastKnownFileType = sourcecode.c.objc; path = HomeViewController.m; sourceTree = "<group>"; };
		7B42330118AA0DCC00F09F48 /* MenuViewController.h */ = {isa = PBXFileReference; lastKnownFileType = sourcecode.c.h; path = MenuViewController.h; sourceTree = "<group>"; };
		7B42330218AA0DCC00F09F48 /* MenuViewController.m */ = {isa = PBXFileReference; lastKnownFileType = sourcecode.c.objc; path = MenuViewController.m; sourceTree = "<group>"; };
		7B42330618AA0DCC00F09F48 /* Ivan_UITabBar.h */ = {isa = PBXFileReference; lastKnownFileType = sourcecode.c.h; name = Ivan_UITabBar.h; path = UITabbar/Ivan_UITabBar.h; sourceTree = "<group>"; };
		7B42330718AA0DCC00F09F48 /* Ivan_UITabBar.m */ = {isa = PBXFileReference; lastKnownFileType = sourcecode.c.objc; name = Ivan_UITabBar.m; path = UITabbar/Ivan_UITabBar.m; sourceTree = "<group>"; };
		7B42330918AA0DCC00F09F48 /* UIBadgeView.h */ = {isa = PBXFileReference; lastKnownFileType = sourcecode.c.h; name = UIBadgeView.h; path = UITabbar/UIBadgeView.h; sourceTree = "<group>"; };
		7B42330A18AA0DCC00F09F48 /* UIBadgeView.m */ = {isa = PBXFileReference; lastKnownFileType = sourcecode.c.objc; name = UIBadgeView.m; path = UITabbar/UIBadgeView.m; sourceTree = "<group>"; };
		7B42330D18AA0DCC00F09F48 /* MainNavigation.h */ = {isa = PBXFileReference; lastKnownFileType = sourcecode.c.h; name = MainNavigation.h; path = MainNavigation/MainNavigation.h; sourceTree = "<group>"; };
		7B42330E18AA0DCC00F09F48 /* MainNavigation.m */ = {isa = PBXFileReference; lastKnownFileType = sourcecode.c.objc; name = MainNavigation.m; path = MainNavigation/MainNavigation.m; sourceTree = "<group>"; };
		7B42331118AA0DCC00F09F48 /* UIProgressHud.h */ = {isa = PBXFileReference; lastKnownFileType = sourcecode.c.h; name = UIProgressHud.h; path = UIProgressHud/UIProgressHud.h; sourceTree = "<group>"; };
		7B42331218AA0DCC00F09F48 /* UIProgressHud.m */ = {isa = PBXFileReference; lastKnownFileType = sourcecode.c.objc; name = UIProgressHud.m; path = UIProgressHud/UIProgressHud.m; sourceTree = "<group>"; };
		7B42331518AA0DCC00F09F48 /* IIWrapController.h */ = {isa = PBXFileReference; lastKnownFileType = sourcecode.c.h; name = IIWrapController.h; path = IIViewDeck/IIWrapController.h; sourceTree = "<group>"; };
		7B42331618AA0DCC00F09F48 /* IIWrapController.m */ = {isa = PBXFileReference; lastKnownFileType = sourcecode.c.objc; name = IIWrapController.m; path = IIViewDeck/IIWrapController.m; sourceTree = "<group>"; };
		7B42331818AA0DCC00F09F48 /* IIViewDeckController.h */ = {isa = PBXFileReference; lastKnownFileType = sourcecode.c.h; name = IIViewDeckController.h; path = IIViewDeck/IIViewDeckController.h; sourceTree = "<group>"; };
		7B42331918AA0DCC00F09F48 /* IIViewDeckController.m */ = {isa = PBXFileReference; lastKnownFileType = sourcecode.c.objc; name = IIViewDeckController.m; path = IIViewDeck/IIViewDeckController.m; sourceTree = "<group>"; };
		7B42331C18AA0DCC00F09F48 /* UICheckbox.h */ = {isa = PBXFileReference; lastKnownFileType = sourcecode.c.h; name = UICheckbox.h; path = UICheckbox/UICheckbox.h; sourceTree = "<group>"; };
		7B42331D18AA0DCC00F09F48 /* UICheckbox.m */ = {isa = PBXFileReference; lastKnownFileType = sourcecode.c.objc; name = UICheckbox.m; path = UICheckbox/UICheckbox.m; sourceTree = "<group>"; };
		7B42332018AA0DCC00F09F48 /* HttpService.h */ = {isa = PBXFileReference; lastKnownFileType = sourcecode.c.h; name = HttpService.h; path = NetWorkingKit/HttpService.h; sourceTree = "<group>"; };
		7B42332118AA0DCC00F09F48 /* HttpService.m */ = {isa = PBXFileReference; lastKnownFileType = sourcecode.c.objc; name = HttpService.m; path = NetWorkingKit/HttpService.m; sourceTree = "<group>"; };
		7B42332318AA0DCC00F09F48 /* UIImageView+DispatchLoad.h */ = {isa = PBXFileReference; lastKnownFileType = sourcecode.c.h; name = "UIImageView+DispatchLoad.h"; path = "NetWorkingKit/UIImageView+DispatchLoad.h"; sourceTree = "<group>"; };
		7B42332418AA0DCC00F09F48 /* UIImageView+DispatchLoad.m */ = {isa = PBXFileReference; lastKnownFileType = sourcecode.c.objc; name = "UIImageView+DispatchLoad.m"; path = "NetWorkingKit/UIImageView+DispatchLoad.m"; sourceTree = "<group>"; };
		7B42332818AA0DCC00F09F48 /* FMDatabase.h */ = {isa = PBXFileReference; lastKnownFileType = sourcecode.c.h; name = FMDatabase.h; path = Fmdb/FMDatabase.h; sourceTree = "<group>"; };
		7B42332918AA0DCC00F09F48 /* FMDatabase.m */ = {isa = PBXFileReference; lastKnownFileType = sourcecode.c.objc; name = FMDatabase.m; path = Fmdb/FMDatabase.m; sourceTree = "<group>"; };
		7B42332B18AA0DCC00F09F48 /* FMDatabaseAdditions.h */ = {isa = PBXFileReference; lastKnownFileType = sourcecode.c.h; name = FMDatabaseAdditions.h; path = Fmdb/FMDatabaseAdditions.h; sourceTree = "<group>"; };
		7B42332C18AA0DCC00F09F48 /* FMDatabaseAdditions.m */ = {isa = PBXFileReference; lastKnownFileType = sourcecode.c.objc; name = FMDatabaseAdditions.m; path = Fmdb/FMDatabaseAdditions.m; sourceTree = "<group>"; };
		7B42332E18AA0DCC00F09F48 /* FMDatabasePool.h */ = {isa = PBXFileReference; lastKnownFileType = sourcecode.c.h; name = FMDatabasePool.h; path = Fmdb/FMDatabasePool.h; sourceTree = "<group>"; };
		7B42332F18AA0DCC00F09F48 /* FMDatabasePool.m */ = {isa = PBXFileReference; lastKnownFileType = sourcecode.c.objc; name = FMDatabasePool.m; path = Fmdb/FMDatabasePool.m; sourceTree = "<group>"; };
		7B42333118AA0DCC00F09F48 /* FMDatabaseQueue.h */ = {isa = PBXFileReference; lastKnownFileType = sourcecode.c.h; name = FMDatabaseQueue.h; path = Fmdb/FMDatabaseQueue.h; sourceTree = "<group>"; };
		7B42333218AA0DCC00F09F48 /* FMDatabaseQueue.m */ = {isa = PBXFileReference; lastKnownFileType = sourcecode.c.objc; name = FMDatabaseQueue.m; path = Fmdb/FMDatabaseQueue.m; sourceTree = "<group>"; };
		7B42333418AA0DCC00F09F48 /* FMResultSet.h */ = {isa = PBXFileReference; lastKnownFileType = sourcecode.c.h; name = FMResultSet.h; path = Fmdb/FMResultSet.h; sourceTree = "<group>"; };
		7B42333518AA0DCC00F09F48 /* FMResultSet.m */ = {isa = PBXFileReference; lastKnownFileType = sourcecode.c.objc; name = FMResultSet.m; path = Fmdb/FMResultSet.m; sourceTree = "<group>"; };
		7B42333818AA0DCC00F09F48 /* DBManager.h */ = {isa = PBXFileReference; lastKnownFileType = sourcecode.c.h; name = DBManager.h; path = DBManager/DBManager.h; sourceTree = "<group>"; };
		7B42333918AA0DCC00F09F48 /* DBManager.m */ = {isa = PBXFileReference; lastKnownFileType = sourcecode.c.objc; name = DBManager.m; path = DBManager/DBManager.m; sourceTree = "<group>"; };
		7B42333D18AA0DCC00F09F48 /* Base.h */ = {isa = PBXFileReference; lastKnownFileType = sourcecode.c.h; name = Base.h; path = Model/BaseModel/Base.h; sourceTree = "<group>"; };
		7B42333E18AA0DCC00F09F48 /* Base.m */ = {isa = PBXFileReference; lastKnownFileType = sourcecode.c.objc; name = Base.m; path = Model/BaseModel/Base.m; sourceTree = "<group>"; };
		7B42334018AA0DCC00F09F48 /* Account.h */ = {isa = PBXFileReference; lastKnownFileType = sourcecode.c.h; name = Account.h; path = Model/Account.h; sourceTree = "<group>"; };
		7B42334118AA0DCC00F09F48 /* Account.m */ = {isa = PBXFileReference; lastKnownFileType = sourcecode.c.objc; name = Account.m; path = Model/Account.m; sourceTree = "<group>"; };
		7B42334318AA0DCC00F09F48 /* CityModel.h */ = {isa = PBXFileReference; lastKnownFileType = sourcecode.c.h; name = CityModel.h; path = Model/CityModel.h; sourceTree = "<group>"; };
		7B42334418AA0DCC00F09F48 /* CityModel.m */ = {isa = PBXFileReference; lastKnownFileType = sourcecode.c.objc; name = CityModel.m; path = Model/CityModel.m; sourceTree = "<group>"; };
		7B42334718AA0DCC00F09F48 /* UserInfo.h */ = {isa = PBXFileReference; lastKnownFileType = sourcecode.c.h; name = UserInfo.h; path = Model/UserInfo/UserInfo.h; sourceTree = "<group>"; };
		7B42334818AA0DCC00F09F48 /* UserInfo.m */ = {isa = PBXFileReference; lastKnownFileType = sourcecode.c.objc; name = UserInfo.m; path = Model/UserInfo/UserInfo.m; sourceTree = "<group>"; };
		7B42334B18AA0DCC00F09F48 /* FileManager.h */ = {isa = PBXFileReference; lastKnownFileType = sourcecode.c.h; name = FileManager.h; path = FileManager/FileManager.h; sourceTree = "<group>"; };
		7B42334C18AA0DCC00F09F48 /* FileManager.m */ = {isa = PBXFileReference; lastKnownFileType = sourcecode.c.objc; name = FileManager.m; path = FileManager/FileManager.m; sourceTree = "<group>"; };
		7B42335018AA0DCC00F09F48 /* NSDictionary(JSON).h */ = {isa = PBXFileReference; lastKnownFileType = sourcecode.c.h; name = "NSDictionary(JSON).h"; path = "ExtensionTool/FormatConvert/NSDictionary(JSON).h"; sourceTree = "<group>"; };
		7B42335118AA0DCC00F09F48 /* NSDictionary(JSON).m */ = {isa = PBXFileReference; lastKnownFileType = sourcecode.c.objc; name = "NSDictionary(JSON).m"; path = "ExtensionTool/FormatConvert/NSDictionary(JSON).m"; sourceTree = "<group>"; };
		7B42335318AA0DCC00F09F48 /* NSObject(Dictionary).h */ = {isa = PBXFileReference; lastKnownFileType = sourcecode.c.h; name = "NSObject(Dictionary).h"; path = "ExtensionTool/FormatConvert/NSObject(Dictionary).h"; sourceTree = "<group>"; };
		7B42335418AA0DCC00F09F48 /* NSObject(Dictionary).m */ = {isa = PBXFileReference; lastKnownFileType = sourcecode.c.objc; name = "NSObject(Dictionary).m"; path = "ExtensionTool/FormatConvert/NSObject(Dictionary).m"; sourceTree = "<group>"; };
		7B42335618AA0DCC00F09F48 /* NSString(Additions).h */ = {isa = PBXFileReference; lastKnownFileType = sourcecode.c.h; name = "NSString(Additions).h"; path = "ExtensionTool/FormatConvert/NSString(Additions).h"; sourceTree = "<group>"; };
		7B42335718AA0DCC00F09F48 /* NSString(Additions).m */ = {isa = PBXFileReference; lastKnownFileType = sourcecode.c.objc; name = "NSString(Additions).m"; path = "ExtensionTool/FormatConvert/NSString(Additions).m"; sourceTree = "<group>"; };
		7B42335918AA0DCC00F09F48 /* UIDevice(Identifier).h */ = {isa = PBXFileReference; lastKnownFileType = sourcecode.c.h; name = "UIDevice(Identifier).h"; path = "ExtensionTool/FormatConvert/UIDevice(Identifier).h"; sourceTree = "<group>"; };
		7B42335A18AA0DCC00F09F48 /* UIDevice(Identifier).m */ = {isa = PBXFileReference; lastKnownFileType = sourcecode.c.objc; name = "UIDevice(Identifier).m"; path = "ExtensionTool/FormatConvert/UIDevice(Identifier).m"; sourceTree = "<group>"; };
		7B42335C18AA0DCC00F09F48 /* TimeTransform.h */ = {isa = PBXFileReference; lastKnownFileType = sourcecode.c.h; name = TimeTransform.h; path = ExtensionTool/FormatConvert/TimeTransform.h; sourceTree = "<group>"; };
		7B42335D18AA0DCC00F09F48 /* TimeTransform.m */ = {isa = PBXFileReference; lastKnownFileType = sourcecode.c.objc; name = TimeTransform.m; path = ExtensionTool/FormatConvert/TimeTransform.m; sourceTree = "<group>"; };
		7B42335F18AA0DCC00F09F48 /* ArchiveTool.h */ = {isa = PBXFileReference; lastKnownFileType = sourcecode.c.h; name = ArchiveTool.h; path = ExtensionTool/FormatConvert/ArchiveTool.h; sourceTree = "<group>"; };
		7B42336018AA0DCC00F09F48 /* ArchiveTool.m */ = {isa = PBXFileReference; lastKnownFileType = sourcecode.c.objc; name = ArchiveTool.m; path = ExtensionTool/FormatConvert/ArchiveTool.m; sourceTree = "<group>"; };
		7B42336318AA0DCC00F09F48 /* Reachability.h */ = {isa = PBXFileReference; lastKnownFileType = sourcecode.c.h; name = Reachability.h; path = ExtensionTool/Reachability/Reachability.h; sourceTree = "<group>"; };
		7B42336418AA0DCC00F09F48 /* Reachability.m */ = {isa = PBXFileReference; lastKnownFileType = sourcecode.c.objc; name = Reachability.m; path = ExtensionTool/Reachability/Reachability.m; sourceTree = "<group>"; };
		7B42336718AA0DCC00F09F48 /* Singleton.h */ = {isa = PBXFileReference; lastKnownFileType = sourcecode.c.h; name = Singleton.h; path = ExtensionTool/Singleton/Singleton.h; sourceTree = "<group>"; };
		7B42336918AA0DCC00F09F48 /* TextStyle.h */ = {isa = PBXFileReference; lastKnownFileType = sourcecode.c.h; name = TextStyle.h; path = ExtensionTool/TextStyle/TextStyle.h; sourceTree = "<group>"; };
		7B42336A18AA0DCC00F09F48 /* TextStyle.m */ = {isa = PBXFileReference; lastKnownFileType = sourcecode.c.objc; name = TextStyle.m; path = ExtensionTool/TextStyle/TextStyle.m; sourceTree = "<group>"; };
		7B42336E18AA0DCC00F09F48 /* RegexKitLite.h */ = {isa = PBXFileReference; lastKnownFileType = sourcecode.c.h; name = RegexKitLite.h; path = RegexKitLite/RegexKitLite.h; sourceTree = "<group>"; };
		7B42336F18AA0DCC00F09F48 /* RegexKitLite.a */ = {isa = PBXFileReference; lastKnownFileType = archive.ar; name = RegexKitLite.a; path = RegexKitLite/RegexKitLite.a; sourceTree = "<group>"; };
		7B42337218AA0DCC00F09F48 /* AFHTTPClient.h */ = {isa = PBXFileReference; lastKnownFileType = sourcecode.c.h; name = AFHTTPClient.h; path = AFNetworking/AFHTTPClient.h; sourceTree = "<group>"; };
		7B42337318AA0DCC00F09F48 /* AFHTTPRequestOperation.h */ = {isa = PBXFileReference; lastKnownFileType = sourcecode.c.h; name = AFHTTPRequestOperation.h; path = AFNetworking/AFHTTPRequestOperation.h; sourceTree = "<group>"; };
		7B42337418AA0DCC00F09F48 /* AFImageRequestOperation.h */ = {isa = PBXFileReference; lastKnownFileType = sourcecode.c.h; name = AFImageRequestOperation.h; path = AFNetworking/AFImageRequestOperation.h; sourceTree = "<group>"; };
		7B42337518AA0DCC00F09F48 /* AFJSONRequestOperation.h */ = {isa = PBXFileReference; lastKnownFileType = sourcecode.c.h; name = AFJSONRequestOperation.h; path = AFNetworking/AFJSONRequestOperation.h; sourceTree = "<group>"; };
		7B42337618AA0DCC00F09F48 /* AFJSONUtilities.h */ = {isa = PBXFileReference; lastKnownFileType = sourcecode.c.h; name = AFJSONUtilities.h; path = AFNetworking/AFJSONUtilities.h; sourceTree = "<group>"; };
		7B42337718AA0DCC00F09F48 /* AFNetworkActivityIndicatorManager.h */ = {isa = PBXFileReference; lastKnownFileType = sourcecode.c.h; name = AFNetworkActivityIndicatorManager.h; path = AFNetworking/AFNetworkActivityIndicatorManager.h; sourceTree = "<group>"; };
		7B42337818AA0DCC00F09F48 /* AFNetworking.h */ = {isa = PBXFileReference; lastKnownFileType = sourcecode.c.h; name = AFNetworking.h; path = AFNetworking/AFNetworking.h; sourceTree = "<group>"; };
		7B42337918AA0DCC00F09F48 /* AFPropertyListRequestOperation.h */ = {isa = PBXFileReference; lastKnownFileType = sourcecode.c.h; name = AFPropertyListRequestOperation.h; path = AFNetworking/AFPropertyListRequestOperation.h; sourceTree = "<group>"; };
		7B42337A18AA0DCC00F09F48 /* AFURLConnectionOperation.h */ = {isa = PBXFileReference; lastKnownFileType = sourcecode.c.h; name = AFURLConnectionOperation.h; path = AFNetworking/AFURLConnectionOperation.h; sourceTree = "<group>"; };
		7B42337B18AA0DCC00F09F48 /* AFXMLRequestOperation.h */ = {isa = PBXFileReference; lastKnownFileType = sourcecode.c.h; name = AFXMLRequestOperation.h; path = AFNetworking/AFXMLRequestOperation.h; sourceTree = "<group>"; };
		7B42337C18AA0DCC00F09F48 /* UIImageView+AFNetworking.h */ = {isa = PBXFileReference; lastKnownFileType = sourcecode.c.h; name = "UIImageView+AFNetworking.h"; path = "AFNetworking/UIImageView+AFNetworking.h"; sourceTree = "<group>"; };
		7B42337D18AA0DCD00F09F48 /* afnetworking.a */ = {isa = PBXFileReference; lastKnownFileType = archive.ar; name = afnetworking.a; path = AFNetworking/afnetworking.a; sourceTree = "<group>"; };
		7B42338018AA0DCD00F09F48 /* MKAnnotationView+WebCache.h */ = {isa = PBXFileReference; lastKnownFileType = sourcecode.c.h; name = "MKAnnotationView+WebCache.h"; path = "SDWebImage/MKAnnotationView+WebCache.h"; sourceTree = "<group>"; };
		7B42338118AA0DCD00F09F48 /* SDImageCache.h */ = {isa = PBXFileReference; lastKnownFileType = sourcecode.c.h; name = SDImageCache.h; path = SDWebImage/SDImageCache.h; sourceTree = "<group>"; };
		7B42338218AA0DCD00F09F48 /* SDWebImageCompat.h */ = {isa = PBXFileReference; lastKnownFileType = sourcecode.c.h; name = SDWebImageCompat.h; path = SDWebImage/SDWebImageCompat.h; sourceTree = "<group>"; };
		7B42338318AA0DCD00F09F48 /* SDWebImageDecoder.h */ = {isa = PBXFileReference; lastKnownFileType = sourcecode.c.h; name = SDWebImageDecoder.h; path = SDWebImag/SDWebImageDecoder.h; sourceTree = "<group>"; };
		7B42338418AA0DCD00F09F48 /* SDWebImageDownloader.h */ = {isa = PBXFileReference; lastKnownFileType = sourcecode.c.h; name = SDWebImageDownloader.h; path = SDWebImag/SDWebImageDownloader.h; sourceTree = "<group>"; };
		7B42338518AA0DCD00F09F48 /* SDWebImageDownloaderOperation.h */ = {isa = PBXFileReference; lastKnownFileType = sourcecode.c.h; name = SDWebImageDownloaderOperation.h; path = SDWebImag/SDWebImageDownloaderOperation.h; sourceTree = "<group>"; };
		7B42338618AA0DCD00F09F48 /* SDWebImageManager.h */ = {isa = PBXFileReference; lastKnownFileType = sourcecode.c.h; name = SDWebImageManager.h; path = SDWebImag/SDWebImageManager.h; sourceTree = "<group>"; };
		7B42338718AA0DCD00F09F48 /* SDWebImageOperation.h */ = {isa = PBXFileReference; lastKnownFileType = sourcecode.c.h; name = SDWebImageOperation.h; path = SDWebImag/SDWebImageOperation.h; sourceTree = "<group>"; };
		7B42338818AA0DCD00F09F48 /* NSData+ImageContentType.h */ = {isa = PBXFileReference; lastKnownFileType = sourcecode.c.h; name = "NSData+ImageContentType.h"; path = "SDWebImag/NSData+ImageContentType.h"; sourceTree = "<group>"; };
		7B42338918AA0DCD00F09F48 /* SDWebImagePrefetcher.h */ = {isa = PBXFileReference; lastKnownFileType = sourcecode.c.h; name = SDWebImagePrefetcher.h; path = SDWebImag/SDWebImagePrefetcher.h; sourceTree = "<group>"; };
		7B42338A18AA0DCD00F09F48 /* UIButton+WebCache.h */ = {isa = PBXFileReference; lastKnownFileType = sourcecode.c.h; name = "UIButton+WebCache.h"; path = "SDWebImag/UIButton+WebCache.h"; sourceTree = "<group>"; };
		7B42338B18AA0DCD00F09F48 /* UIImage+GIF.h */ = {isa = PBXFileReference; lastKnownFileType = sourcecode.c.h; name = "UIImage+GIF.h"; path = "SDWebImag/UIImage+GIF.h"; sourceTree = "<group>"; };
		7B42338C18AA0DCD00F09F48 /* UIImage+MultiFormat.h */ = {isa = PBXFileReference; lastKnownFileType = sourcecode.c.h; name = "UIImage+MultiFormat.h"; path = "SDWebImag/UIImage+MultiFormat.h"; sourceTree = "<group>"; };
		7B42338D18AA0DCD00F09F48 /* UIImage+WebP.h */ = {isa = PBXFileReference; lastKnownFileType = sourcecode.c.h; name = "UIImage+WebP.h"; path = "SDWebImag/UIImage+WebP.h"; sourceTree = "<group>"; };
		7B42338E18AA0DCD00F09F48 /* sdwebimage.a */ = {isa = PBXFileReference; lastKnownFileType = archive.ar; name = sdwebimage.a; path = SDWebImag/sdwebimage.a; sourceTree = "<group>"; };
		7B42339118AA0DCD00F09F48 /* Config.h */ = {isa = PBXFileReference; lastKnownFileType = sourcecode.c.h; name = Config.h; path = Common/Config.h; sourceTree = "<group>"; };
		7B42339318AA0DCD00F09F48 /* Default.png */ = {isa = PBXFileReference; lastKnownFileType = image.png; name = Default.png; path = Resources/Default.png; sourceTree = "<group>"; };
		7B42339518AA0DCD00F09F48 /* Default@2x.png */ = {isa = PBXFileReference; lastKnownFileType = image.png; name = "Default@2x.png"; path = "Resources/Default@2x.png"; sourceTree = "<group>"; };
		7B42339718AA0DCD00F09F48 /* Default-568h@2x.png */ = {isa = PBXFileReference; lastKnownFileType = image.png; name = "Default-568h@2x.png"; path = "Resources/Default-568h@2x.png"; sourceTree = "<group>"; };
		7B42339918AA0DCD00F09F48 /* icon.png */ = {isa = PBXFileReference; lastKnownFileType = image.png; name = icon.png; path = Resources/icon.png; sourceTree = "<group>"; };
		7B42339B18AA0DCD00F09F48 /* icon@2x.png */ = {isa = PBXFileReference; lastKnownFileType = image.png; name = "icon@2x.png"; path = "Resources/icon@2x.png"; sourceTree = "<group>"; };
		7B42339D18AA0DCD00F09F48 /* top_bt_bg@2x.png */ = {isa = PBXFileReference; lastKnownFileType = image.png; name = "top_bt_bg@2x.png"; path = "Resources/top_bt_bg@2x.png"; sourceTree = "<group>"; };
		7B42339F18AA0DCD00F09F48 /* gb_button@2x.png */ = {isa = PBXFileReference; lastKnownFileType = image.png; name = "gb_button@2x.png"; path = "Resources/gb_button@2x.png"; sourceTree = "<group>"; };
		7B4233A118AA0DCD00F09F48 /* main_top_bg.png */ = {isa = PBXFileReference; lastKnownFileType = image.png; name = main_top_bg.png; path = Resources/main_top_bg.png; sourceTree = "<group>"; };
		7B4233A418AA0DCD00F09F48 /* checkbox_normal.png */ = {isa = PBXFileReference; lastKnownFileType = image.png; name = checkbox_normal.png; path = Resources/checkbox/checkbox_normal.png; sourceTree = "<group>"; };
		7B4233A618AA0DCD00F09F48 /* checkbox_pressed.png */ = {isa = PBXFileReference; lastKnownFileType = image.png; name = checkbox_pressed.png; path = Resources/checkbox/checkbox_pressed.png; sourceTree = "<group>"; };
		7B4233A818AA0DCD00F09F48 /* Info.plist */ = {isa = PBXFileReference; lastKnownFileType = text.plist.xml; name = Info.plist; path = Resources/Info.plist; sourceTree = "<group>"; };
		7B4233A918AA0DCD00F09F48 /* iTunesArtwork */ = {isa = PBXFileReference; lastKnownFileType = text; name = iTunesArtwork; path = Resources/iTunesArtwork; sourceTree = "<group>"; };
		7B4233AC18AA0DCD00F09F48 /* Prefix.pch */ = {isa = PBXFileReference; lastKnownFileType = sourcecode.c.h; path = Prefix.pch; sourceTree = "<group>"; };
		7B4233AD18AA0DCD00F09F48 /* main.m */ = {isa = PBXFileReference; lastKnownFileType = sourcecode.c.objc; path = main.m; sourceTree = "<group>"; };
		7B4233AF18AA0DCD00F09F48 /* AppDelegate.h */ = {isa = PBXFileReference; lastKnownFileType = sourcecode.c.h; path = AppDelegate.h; sourceTree = "<group>"; };
		7B4233B018AA0DCD00F09F48 /* AppDelegate.m */ = {isa = PBXFileReference; lastKnownFileType = sourcecode.c.objc; path = AppDelegate.m; sourceTree = "<group>"; };
		7B4233B818AA144300F09F48 /* AdvertiseView.h */ = {isa = PBXFileReference; fileEncoding = 4; lastKnownFileType = sourcecode.c.h; path = AdvertiseView.h; sourceTree = "<group>"; };
		7B4233B918AA144300F09F48 /* AdvertiseView.m */ = {isa = PBXFileReference; fileEncoding = 4; lastKnownFileType = sourcecode.c.objc; path = AdvertiseView.m; sourceTree = "<group>"; };
		7B4233BA18AA144300F09F48 /* CarousImageView.h */ = {isa = PBXFileReference; fileEncoding = 4; lastKnownFileType = sourcecode.c.h; path = CarousImageView.h; sourceTree = "<group>"; };
		7B4233BB18AA144300F09F48 /* CarousImageView.m */ = {isa = PBXFileReference; fileEncoding = 4; lastKnownFileType = sourcecode.c.objc; path = CarousImageView.m; sourceTree = "<group>"; };
/* End PBXFileReference section */

/* Begin PBXFrameworksBuildPhase section */
		7B4232DC18AA0DCC00F09F48 /* Frameworks */ = {
			isa = PBXFrameworksBuildPhase;
			buildActionMask = 2147483647;
			files = (
				7B4232E318AA0DCC00F09F48 /* QuartzCore.framework in Frameworks */,
				7B4232E518AA0DCC00F09F48 /* Security.framework in Frameworks */,
				7B4232E718AA0DCC00F09F48 /* SystemConfiguration.framework in Frameworks */,
				7B4232E918AA0DCC00F09F48 /* AVFoundation.framework in Frameworks */,
				7B4232EB18AA0DCC00F09F48 /* UIKit.framework in Frameworks */,
				7B4232ED18AA0DCC00F09F48 /* Foundation.framework in Frameworks */,
				7B4232EF18AA0DCC00F09F48 /* CoreGraphics.framework in Frameworks */,
				7B4232F118AA0DCC00F09F48 /* MobileCoreServices.framework in Frameworks */,
				7B4232F318AA0DCC00F09F48 /* CoreVideo.framework in Frameworks */,
				7B4232F518AA0DCC00F09F48 /* CoreMedia.framework in Frameworks */,
				7B4232F718AA0DCC00F09F48 /* CFNetwork.framework in Frameworks */,
				7B42337018AA0DCC00F09F48 /* RegexKitLite.a in Frameworks */,
				7B42337E18AA0DCD00F09F48 /* afnetworking.a in Frameworks */,
				7B42338F18AA0DCD00F09F48 /* sdwebimage.a in Frameworks */,
			);
			runOnlyForDeploymentPostprocessing = 0;
		};
/* End PBXFrameworksBuildPhase section */

/* Begin PBXGroup section */
		7B4232D618AA0DCC00F09F48 = {
			isa = PBXGroup;
			children = (
				7B4232F818AA0DCC00F09F48 /* advertise */,
				7B4232E118AA0DCC00F09F48 /* Frameworks */,
				7B4232E018AA0DCC00F09F48 /* Products */,
			);
			sourceTree = "<group>";
		};
		7B4232E018AA0DCC00F09F48 /* Products */ = {
			isa = PBXGroup;
			children = (
				7B4232DF18AA0DCC00F09F48 /* advertise.app */,
			);
			name = Products;
			sourceTree = "<group>";
		};
		7B4232E118AA0DCC00F09F48 /* Frameworks */ = {
			isa = PBXGroup;
			children = (
				7B4232E218AA0DCC00F09F48 /* QuartzCore.framework */,
				7B4232E418AA0DCC00F09F48 /* Security.framework */,
				7B4232E618AA0DCC00F09F48 /* SystemConfiguration.framework */,
				7B4232E818AA0DCC00F09F48 /* AVFoundation.framework */,
				7B4232EA18AA0DCC00F09F48 /* UIKit.framework */,
				7B4232EC18AA0DCC00F09F48 /* Foundation.framework */,
				7B4232EE18AA0DCC00F09F48 /* CoreGraphics.framework */,
				7B4232F018AA0DCC00F09F48 /* MobileCoreServices.framework */,
				7B4232F218AA0DCC00F09F48 /* CoreVideo.framework */,
				7B4232F418AA0DCC00F09F48 /* CoreMedia.framework */,
				7B4232F618AA0DCC00F09F48 /* CFNetwork.framework */,
			);
			name = Frameworks;
			sourceTree = "<group>";
		};
		7B4232F818AA0DCC00F09F48 /* advertise */ = {
			isa = PBXGroup;
			children = (
				7B4232F918AA0DCC00F09F48 /* Controllers */,
				7B42330418AA0DCC00F09F48 /* View */,
				7B42331F18AA0DCC00F09F48 /* NetWorkingKit */,
				7B42332618AA0DCC00F09F48 /* LocalDB */,
				7B42333B18AA0DCC00F09F48 /* Model */,
				7B42334A18AA0DCC00F09F48 /* FileManager */,
				7B42334E18AA0DCC00F09F48 /* ExtensionTool */,
				7B42336C18AA0DCC00F09F48 /* 3rdparty */,
				7B42339018AA0DCD00F09F48 /* Common */,
				7B42339218AA0DCD00F09F48 /* Resources */,
				7B4233AB18AA0DCD00F09F48 /* Supporting Files */,
			);
			path = advertise;
			sourceTree = "<group>";
		};
		7B4232F918AA0DCC00F09F48 /* Controllers */ = {
			isa = PBXGroup;
			children = (
				7B4232FE18AA0DCC00F09F48 /* HomeViewController.h */,
				7B4232FF18AA0DCC00F09F48 /* HomeViewController.m */,
				7B42330118AA0DCC00F09F48 /* MenuViewController.h */,
				7B42330218AA0DCC00F09F48 /* MenuViewController.m */,
				7B4232FA18AA0DCC00F09F48 /* RootController */,
			);
			name = Controllers;
			sourceTree = "<group>";
		};
		7B4232FA18AA0DCC00F09F48 /* RootController */ = {
			isa = PBXGroup;
			children = (
				7B4232FB18AA0DCC00F09F48 /* RootViewController.h */,
				7B4232FC18AA0DCC00F09F48 /* RootViewController.m */,
			);
			name = RootController;
			sourceTree = "<group>";
		};
		7B42330418AA0DCC00F09F48 /* View */ = {
			isa = PBXGroup;
			children = (
				7B4233B718AA144300F09F48 /* AdvertiseView */,
				7B42330518AA0DCC00F09F48 /* UITabbar */,
				7B42330C18AA0DCC00F09F48 /* MainNavigation */,
				7B42331018AA0DCC00F09F48 /* UIProgressHud */,
				7B42331418AA0DCC00F09F48 /* IIViewDeck */,
				7B42331B18AA0DCC00F09F48 /* UICheckbox */,
			);
			name = View;
			sourceTree = "<group>";
		};
		7B42330518AA0DCC00F09F48 /* UITabbar */ = {
			isa = PBXGroup;
			children = (
				7B42330618AA0DCC00F09F48 /* Ivan_UITabBar.h */,
				7B42330718AA0DCC00F09F48 /* Ivan_UITabBar.m */,
				7B42330918AA0DCC00F09F48 /* UIBadgeView.h */,
				7B42330A18AA0DCC00F09F48 /* UIBadgeView.m */,
			);
			name = UITabbar;
			sourceTree = "<group>";
		};
		7B42330C18AA0DCC00F09F48 /* MainNavigation */ = {
			isa = PBXGroup;
			children = (
				7B42330D18AA0DCC00F09F48 /* MainNavigation.h */,
				7B42330E18AA0DCC00F09F48 /* MainNavigation.m */,
			);
			name = MainNavigation;
			sourceTree = "<group>";
		};
		7B42331018AA0DCC00F09F48 /* UIProgressHud */ = {
			isa = PBXGroup;
			children = (
				7B42331118AA0DCC00F09F48 /* UIProgressHud.h */,
				7B42331218AA0DCC00F09F48 /* UIProgressHud.m */,
			);
			name = UIProgressHud;
			sourceTree = "<group>";
		};
		7B42331418AA0DCC00F09F48 /* IIViewDeck */ = {
			isa = PBXGroup;
			children = (
				7B42331518AA0DCC00F09F48 /* IIWrapController.h */,
				7B42331618AA0DCC00F09F48 /* IIWrapController.m */,
				7B42331818AA0DCC00F09F48 /* IIViewDeckController.h */,
				7B42331918AA0DCC00F09F48 /* IIViewDeckController.m */,
			);
			name = IIViewDeck;
			sourceTree = "<group>";
		};
		7B42331B18AA0DCC00F09F48 /* UICheckbox */ = {
			isa = PBXGroup;
			children = (
				7B42331C18AA0DCC00F09F48 /* UICheckbox.h */,
				7B42331D18AA0DCC00F09F48 /* UICheckbox.m */,
			);
			name = UICheckbox;
			sourceTree = "<group>";
		};
		7B42331F18AA0DCC00F09F48 /* NetWorkingKit */ = {
			isa = PBXGroup;
			children = (
				7B42332018AA0DCC00F09F48 /* HttpService.h */,
				7B42332118AA0DCC00F09F48 /* HttpService.m */,
				7B42332318AA0DCC00F09F48 /* UIImageView+DispatchLoad.h */,
				7B42332418AA0DCC00F09F48 /* UIImageView+DispatchLoad.m */,
			);
			name = NetWorkingKit;
			sourceTree = "<group>";
		};
		7B42332618AA0DCC00F09F48 /* LocalDB */ = {
			isa = PBXGroup;
			children = (
				7B42332718AA0DCC00F09F48 /* Fmdb */,
				7B42333718AA0DCC00F09F48 /* DBManager */,
			);
			name = LocalDB;
			sourceTree = "<group>";
		};
		7B42332718AA0DCC00F09F48 /* Fmdb */ = {
			isa = PBXGroup;
			children = (
				7B42332818AA0DCC00F09F48 /* FMDatabase.h */,
				7B42332918AA0DCC00F09F48 /* FMDatabase.m */,
				7B42332B18AA0DCC00F09F48 /* FMDatabaseAdditions.h */,
				7B42332C18AA0DCC00F09F48 /* FMDatabaseAdditions.m */,
				7B42332E18AA0DCC00F09F48 /* FMDatabasePool.h */,
				7B42332F18AA0DCC00F09F48 /* FMDatabasePool.m */,
				7B42333118AA0DCC00F09F48 /* FMDatabaseQueue.h */,
				7B42333218AA0DCC00F09F48 /* FMDatabaseQueue.m */,
				7B42333418AA0DCC00F09F48 /* FMResultSet.h */,
				7B42333518AA0DCC00F09F48 /* FMResultSet.m */,
			);
			name = Fmdb;
			sourceTree = "<group>";
		};
		7B42333718AA0DCC00F09F48 /* DBManager */ = {
			isa = PBXGroup;
			children = (
				7B42333818AA0DCC00F09F48 /* DBManager.h */,
				7B42333918AA0DCC00F09F48 /* DBManager.m */,
			);
			name = DBManager;
			sourceTree = "<group>";
		};
		7B42333B18AA0DCC00F09F48 /* Model */ = {
			isa = PBXGroup;
			children = (
				7B42334018AA0DCC00F09F48 /* Account.h */,
				7B42334118AA0DCC00F09F48 /* Account.m */,
				7B42334318AA0DCC00F09F48 /* CityModel.h */,
				7B42334418AA0DCC00F09F48 /* CityModel.m */,
				7B42333C18AA0DCC00F09F48 /* BaseModel */,
				7B42334618AA0DCC00F09F48 /* UserInfo */,
			);
			name = Model;
			sourceTree = "<group>";
		};
		7B42333C18AA0DCC00F09F48 /* BaseModel */ = {
			isa = PBXGroup;
			children = (
				7B42333D18AA0DCC00F09F48 /* Base.h */,
				7B42333E18AA0DCC00F09F48 /* Base.m */,
			);
			name = BaseModel;
			sourceTree = "<group>";
		};
		7B42334618AA0DCC00F09F48 /* UserInfo */ = {
			isa = PBXGroup;
			children = (
				7B42334718AA0DCC00F09F48 /* UserInfo.h */,
				7B42334818AA0DCC00F09F48 /* UserInfo.m */,
			);
			name = UserInfo;
			sourceTree = "<group>";
		};
		7B42334A18AA0DCC00F09F48 /* FileManager */ = {
			isa = PBXGroup;
			children = (
				7B42334B18AA0DCC00F09F48 /* FileManager.h */,
				7B42334C18AA0DCC00F09F48 /* FileManager.m */,
			);
			name = FileManager;
			sourceTree = "<group>";
		};
		7B42334E18AA0DCC00F09F48 /* ExtensionTool */ = {
			isa = PBXGroup;
			children = (
				7B42334F18AA0DCC00F09F48 /* FormatConvert */,
				7B42336218AA0DCC00F09F48 /* Reachability */,
				7B42336618AA0DCC00F09F48 /* Singleton */,
				7B42336818AA0DCC00F09F48 /* TextStyle */,
			);
			name = ExtensionTool;
			sourceTree = "<group>";
		};
		7B42334F18AA0DCC00F09F48 /* FormatConvert */ = {
			isa = PBXGroup;
			children = (
				7B42335018AA0DCC00F09F48 /* NSDictionary(JSON).h */,
				7B42335118AA0DCC00F09F48 /* NSDictionary(JSON).m */,
				7B42335318AA0DCC00F09F48 /* NSObject(Dictionary).h */,
				7B42335418AA0DCC00F09F48 /* NSObject(Dictionary).m */,
				7B42335618AA0DCC00F09F48 /* NSString(Additions).h */,
				7B42335718AA0DCC00F09F48 /* NSString(Additions).m */,
				7B42335918AA0DCC00F09F48 /* UIDevice(Identifier).h */,
				7B42335A18AA0DCC00F09F48 /* UIDevice(Identifier).m */,
				7B42335C18AA0DCC00F09F48 /* TimeTransform.h */,
				7B42335D18AA0DCC00F09F48 /* TimeTransform.m */,
				7B42335F18AA0DCC00F09F48 /* ArchiveTool.h */,
				7B42336018AA0DCC00F09F48 /* ArchiveTool.m */,
			);
			name = FormatConvert;
			sourceTree = "<group>";
		};
		7B42336218AA0DCC00F09F48 /* Reachability */ = {
			isa = PBXGroup;
			children = (
				7B42336318AA0DCC00F09F48 /* Reachability.h */,
				7B42336418AA0DCC00F09F48 /* Reachability.m */,
			);
			name = Reachability;
			sourceTree = "<group>";
		};
		7B42336618AA0DCC00F09F48 /* Singleton */ = {
			isa = PBXGroup;
			children = (
				7B42336718AA0DCC00F09F48 /* Singleton.h */,
			);
			name = Singleton;
			sourceTree = "<group>";
		};
		7B42336818AA0DCC00F09F48 /* TextStyle */ = {
			isa = PBXGroup;
			children = (
				7B42336918AA0DCC00F09F48 /* TextStyle.h */,
				7B42336A18AA0DCC00F09F48 /* TextStyle.m */,
			);
			name = TextStyle;
			sourceTree = "<group>";
		};
		7B42336C18AA0DCC00F09F48 /* 3rdparty */ = {
			isa = PBXGroup;
			children = (
				7B42336D18AA0DCC00F09F48 /* RegexKitLite */,
				7B42337118AA0DCC00F09F48 /* AFNetworking */,
				7B42337F18AA0DCD00F09F48 /* SDWebImage */,
			);
			name = 3rdparty;
			sourceTree = "<group>";
		};
		7B42336D18AA0DCC00F09F48 /* RegexKitLite */ = {
			isa = PBXGroup;
			children = (
				7B42336E18AA0DCC00F09F48 /* RegexKitLite.h */,
				7B42336F18AA0DCC00F09F48 /* RegexKitLite.a */,
			);
			name = RegexKitLite;
			sourceTree = "<group>";
		};
		7B42337118AA0DCC00F09F48 /* AFNetworking */ = {
			isa = PBXGroup;
			children = (
				7B42337218AA0DCC00F09F48 /* AFHTTPClient.h */,
				7B42337318AA0DCC00F09F48 /* AFHTTPRequestOperation.h */,
				7B42337418AA0DCC00F09F48 /* AFImageRequestOperation.h */,
				7B42337518AA0DCC00F09F48 /* AFJSONRequestOperation.h */,
				7B42337618AA0DCC00F09F48 /* AFJSONUtilities.h */,
				7B42337718AA0DCC00F09F48 /* AFNetworkActivityIndicatorManager.h */,
				7B42337818AA0DCC00F09F48 /* AFNetworking.h */,
				7B42337918AA0DCC00F09F48 /* AFPropertyListRequestOperation.h */,
				7B42337A18AA0DCC00F09F48 /* AFURLConnectionOperation.h */,
				7B42337B18AA0DCC00F09F48 /* AFXMLRequestOperation.h */,
				7B42337C18AA0DCC00F09F48 /* UIImageView+AFNetworking.h */,
				7B42337D18AA0DCD00F09F48 /* afnetworking.a */,
			);
			name = AFNetworking;
			sourceTree = "<group>";
		};
		7B42337F18AA0DCD00F09F48 /* SDWebImage */ = {
			isa = PBXGroup;
			children = (
				7B42338018AA0DCD00F09F48 /* MKAnnotationView+WebCache.h */,
				7B42338118AA0DCD00F09F48 /* SDImageCache.h */,
				7B42338218AA0DCD00F09F48 /* SDWebImageCompat.h */,
				7B42338318AA0DCD00F09F48 /* SDWebImageDecoder.h */,
				7B42338418AA0DCD00F09F48 /* SDWebImageDownloader.h */,
				7B42338518AA0DCD00F09F48 /* SDWebImageDownloaderOperation.h */,
				7B42338618AA0DCD00F09F48 /* SDWebImageManager.h */,
				7B42338718AA0DCD00F09F48 /* SDWebImageOperation.h */,
				7B42338818AA0DCD00F09F48 /* NSData+ImageContentType.h */,
				7B42338918AA0DCD00F09F48 /* SDWebImagePrefetcher.h */,
				7B42338A18AA0DCD00F09F48 /* UIButton+WebCache.h */,
				7B42338B18AA0DCD00F09F48 /* UIImage+GIF.h */,
				7B42338C18AA0DCD00F09F48 /* UIImage+MultiFormat.h */,
				7B42338D18AA0DCD00F09F48 /* UIImage+WebP.h */,
				7B42338E18AA0DCD00F09F48 /* sdwebimage.a */,
			);
			name = SDWebImage;
			sourceTree = "<group>";
		};
		7B42339018AA0DCD00F09F48 /* Common */ = {
			isa = PBXGroup;
			children = (
				7B42339118AA0DCD00F09F48 /* Config.h */,
			);
			name = Common;
			sourceTree = "<group>";
		};
		7B42339218AA0DCD00F09F48 /* Resources */ = {
			isa = PBXGroup;
			children = (
				7B42339318AA0DCD00F09F48 /* Default.png */,
				7B42339518AA0DCD00F09F48 /* Default@2x.png */,
				7B42339718AA0DCD00F09F48 /* Default-568h@2x.png */,
				7B42339918AA0DCD00F09F48 /* icon.png */,
				7B42339B18AA0DCD00F09F48 /* icon@2x.png */,
				7B42339D18AA0DCD00F09F48 /* top_bt_bg@2x.png */,
				7B42339F18AA0DCD00F09F48 /* gb_button@2x.png */,
				7B4233A118AA0DCD00F09F48 /* main_top_bg.png */,
				7B4233A818AA0DCD00F09F48 /* Info.plist */,
				7B4233A918AA0DCD00F09F48 /* iTunesArtwork */,
				7B4233A318AA0DCD00F09F48 /* checkbox */,
			);
			name = Resources;
			sourceTree = "<group>";
		};
		7B4233A318AA0DCD00F09F48 /* checkbox */ = {
			isa = PBXGroup;
			children = (
				7B4233A418AA0DCD00F09F48 /* checkbox_normal.png */,
				7B4233A618AA0DCD00F09F48 /* checkbox_pressed.png */,
			);
			name = checkbox;
			sourceTree = "<group>";
		};
		7B4233AB18AA0DCD00F09F48 /* Supporting Files */ = {
			isa = PBXGroup;
			children = (
				7B4233AC18AA0DCD00F09F48 /* Prefix.pch */,
				7B4233AD18AA0DCD00F09F48 /* main.m */,
				7B4233AF18AA0DCD00F09F48 /* AppDelegate.h */,
				7B4233B018AA0DCD00F09F48 /* AppDelegate.m */,
			);
			name = "Supporting Files";
			sourceTree = "<group>";
		};
		7B4233B718AA144300F09F48 /* AdvertiseView */ = {
			isa = PBXGroup;
			children = (
				7B4233B818AA144300F09F48 /* AdvertiseView.h */,
				7B4233B918AA144300F09F48 /* AdvertiseView.m */,
				7B4233BA18AA144300F09F48 /* CarousImageView.h */,
				7B4233BB18AA144300F09F48 /* CarousImageView.m */,
			);
			path = AdvertiseView;
			sourceTree = "<group>";
		};
/* End PBXGroup section */

/* Begin PBXNativeTarget section */
		7B4232DE18AA0DCC00F09F48 /* advertise */ = {
			isa = PBXNativeTarget;
			buildConfigurationList = 7B4233B418AA0DCD00F09F48 /* Build configuration list for PBXNativeTarget "advertise" */;
			buildPhases = (
				7B4232DB18AA0DCC00F09F48 /* Sources */,
				7B4232DC18AA0DCC00F09F48 /* Frameworks */,
				7B4232DD18AA0DCC00F09F48 /* Resources */,
			);
			buildRules = (
			);
			dependencies = (
			);
			name = advertise;
			productName = advertise;
			productReference = 7B4232DF18AA0DCC00F09F48 /* advertise.app */;
			productType = "com.apple.product-type.application";
		};
/* End PBXNativeTarget section */

/* Begin PBXProject section */
		7B4232D718AA0DCC00F09F48 /* Project object */ = {
			isa = PBXProject;
			attributes = {
				LastUpgradeCheck = 0460;
				ORGANIZATIONNAME = miteno;
			};
			buildConfigurationList = 7B4232DA18AA0DCC00F09F48 /* Build configuration list for PBXProject "advertise" */;
			compatibilityVersion = "Xcode 3.2";
			developmentRegion = English;
			hasScannedForEncodings = 0;
			knownRegions = (
				en,
			);
			mainGroup = 7B4232D618AA0DCC00F09F48;
			productRefGroup = 7B4232E018AA0DCC00F09F48 /* Products */;
			projectDirPath = "";
			projectRoot = "";
			targets = (
				7B4232DE18AA0DCC00F09F48 /* advertise */,
			);
		};
/* End PBXProject section */

/* Begin PBXResourcesBuildPhase section */
		7B4232DD18AA0DCC00F09F48 /* Resources */ = {
			isa = PBXResourcesBuildPhase;
			buildActionMask = 2147483647;
			files = (
				7B42339418AA0DCD00F09F48 /* Default.png in Resources */,
				7B42339618AA0DCD00F09F48 /* Default@2x.png in Resources */,
				7B42339818AA0DCD00F09F48 /* Default-568h@2x.png in Resources */,
				7B42339A18AA0DCD00F09F48 /* icon.png in Resources */,
				7B42339C18AA0DCD00F09F48 /* icon@2x.png in Resources */,
				7B42339E18AA0DCD00F09F48 /* top_bt_bg@2x.png in Resources */,
				7B4233A018AA0DCD00F09F48 /* gb_button@2x.png in Resources */,
				7B4233A218AA0DCD00F09F48 /* main_top_bg.png in Resources */,
				7B4233A518AA0DCD00F09F48 /* checkbox_normal.png in Resources */,
				7B4233A718AA0DCD00F09F48 /* checkbox_pressed.png in Resources */,
				7B4233AA18AA0DCD00F09F48 /* iTunesArtwork in Resources */,
			);
			runOnlyForDeploymentPostprocessing = 0;
		};
/* End PBXResourcesBuildPhase section */

/* Begin PBXSourcesBuildPhase section */
		7B4232DB18AA0DCC00F09F48 /* Sources */ = {
			isa = PBXSourcesBuildPhase;
			buildActionMask = 2147483647;
			files = (
				7B4232FD18AA0DCC00F09F48 /* RootViewController.m in Sources */,
				7B42330018AA0DCC00F09F48 /* HomeViewController.m in Sources */,
				7B42330318AA0DCC00F09F48 /* MenuViewController.m in Sources */,
				7B42330818AA0DCC00F09F48 /* Ivan_UITabBar.m in Sources */,
				7B42330B18AA0DCC00F09F48 /* UIBadgeView.m in Sources */,
				7B42330F18AA0DCC00F09F48 /* MainNavigation.m in Sources */,
				7B42331318AA0DCC00F09F48 /* UIProgressHud.m in Sources */,
				7B42331718AA0DCC00F09F48 /* IIWrapController.m in Sources */,
				7B42331A18AA0DCC00F09F48 /* IIViewDeckController.m in Sources */,
				7B42331E18AA0DCC00F09F48 /* UICheckbox.m in Sources */,
				7B42332218AA0DCC00F09F48 /* HttpService.m in Sources */,
				7B42332518AA0DCC00F09F48 /* UIImageView+DispatchLoad.m in Sources */,
				7B42332A18AA0DCC00F09F48 /* FMDatabase.m in Sources */,
				7B42332D18AA0DCC00F09F48 /* FMDatabaseAdditions.m in Sources */,
				7B42333018AA0DCC00F09F48 /* FMDatabasePool.m in Sources */,
				7B42333318AA0DCC00F09F48 /* FMDatabaseQueue.m in Sources */,
				7B42333618AA0DCC00F09F48 /* FMResultSet.m in Sources */,
				7B42333A18AA0DCC00F09F48 /* DBManager.m in Sources */,
				7B42333F18AA0DCC00F09F48 /* Base.m in Sources */,
				7B42334218AA0DCC00F09F48 /* Account.m in Sources */,
				7B42334518AA0DCC00F09F48 /* CityModel.m in Sources */,
				7B42334918AA0DCC00F09F48 /* UserInfo.m in Sources */,
				7B42334D18AA0DCC00F09F48 /* FileManager.m in Sources */,
				7B42335218AA0DCC00F09F48 /* NSDictionary(JSON).m in Sources */,
				7B42335518AA0DCC00F09F48 /* NSObject(Dictionary).m in Sources */,
				7B42335818AA0DCC00F09F48 /* NSString(Additions).m in Sources */,
				7B42335B18AA0DCC00F09F48 /* UIDevice(Identifier).m in Sources */,
				7B42335E18AA0DCC00F09F48 /* TimeTransform.m in Sources */,
				7B42336118AA0DCC00F09F48 /* ArchiveTool.m in Sources */,
				7B42336518AA0DCC00F09F48 /* Reachability.m in Sources */,
				7B42336B18AA0DCC00F09F48 /* TextStyle.m in Sources */,
				7B4233AE18AA0DCD00F09F48 /* main.m in Sources */,
				7B4233B118AA0DCD00F09F48 /* AppDelegate.m in Sources */,
				7B4233BC18AA144300F09F48 /* AdvertiseView.m in Sources */,
				7B4233BD18AA144300F09F48 /* CarousImageView.m in Sources */,
			);
			runOnlyForDeploymentPostprocessing = 0;
		};
/* End PBXSourcesBuildPhase section */

/* Begin XCBuildConfiguration section */
		7B4233B218AA0DCD00F09F48 /* Debug */ = {
			isa = XCBuildConfiguration;
			buildSettings = {
				ARCHS = "$(ARCHS_STANDARD_32_BIT)";
				CLANG_ENABLE_OBJC_ARC = YES;
				"CODE_SIGN_IDENTITY[sdk=iphoneos*]" = "iPhone Developer";
				GCC_C_LANGUAGE_STANDARD = gnu99;
				GCC_OPTIMIZATION_LEVEL = 0;
				GCC_PREPROCESSOR_DEFINITIONS = (
					DEBUG,
					"COCOS2D_DEBUG=1",
				);
				GCC_SYMBOLS_PRIVATE_EXTERN = NO;
				GCC_VERSION = com.apple.compilers.llvm.clang.1_0;
				GCC_WARN_ABOUT_RETURN_TYPE = YES;
				GCC_WARN_UNUSED_VARIABLE = YES;
				IPHONEOS_DEPLOYMENT_TARGET = 5.0;
				SDKROOT = iphoneos;
				TARGETED_DEVICE_FAMILY = 1;
			};
			name = Debug;
		};
		7B4233B318AA0DCD00F09F48 /* Release */ = {
			isa = XCBuildConfiguration;
			buildSettings = {
				ARCHS = "$(ARCHS_STANDARD_32_BIT)";
				CLANG_ENABLE_OBJC_ARC = YES;
				"CODE_SIGN_IDENTITY[sdk=iphoneos*]" = "iPhone Developer";
				GCC_C_LANGUAGE_STANDARD = gnu99;
				GCC_PREPROCESSOR_DEFINITIONS = (
					NDEBUG,
					"NS_BLOCK_ASSERTIONS=1",
				);
				GCC_VERSION = com.apple.compilers.llvm.clang.1_0;
				GCC_WARN_ABOUT_RETURN_TYPE = YES;
				GCC_WARN_UNUSED_VARIABLE = YES;
				IPHONEOS_DEPLOYMENT_TARGET = 5.0;
				SDKROOT = iphoneos;
				TARGETED_DEVICE_FAMILY = 1;
			};
			name = Release;
		};
		7B4233B518AA0DCD00F09F48 /* Debug */ = {
			isa = XCBuildConfiguration;
			buildSettings = {
				ALWAYS_SEARCH_USER_PATHS = NO;
				COPY_PHASE_STRIP = NO;
				GCC_DYNAMIC_NO_PIC = NO;
				GCC_PRECOMPILE_PREFIX_HEADER = YES;
				GCC_PREFIX_HEADER = advertise/Prefix.pch;
				HEADER_SEARCH_PATHS = "$(SDKROOT)/usr/include/libxml2";
				INFOPLIST_FILE = advertise/Resources/Info.plist;
				LIBRARY_SEARCH_PATHS = (
					"$(inherited)",
					"\"$(SRCROOT)/advertise/RegexKitLite\"",
					"\"$(SRCROOT)/advertise/AFNetworking\"",
					"\"$(SRCROOT)/advertise/SDWebImag\"",
				);
				OTHER_LDFLAGS = (
					"-lxml2",
					"-lz",
					"-lsqlite3",
				);
				PRODUCT_NAME = "$(TARGET_NAME)";
				USER_HEADER_SEARCH_PATHS = "$(SDKROOT)/usr/include/libxml2";
				WRAPPER_EXTENSION = app;
			};
			name = Debug;
		};
		7B4233B618AA0DCD00F09F48 /* Release */ = {
			isa = XCBuildConfiguration;
			buildSettings = {
				ALWAYS_SEARCH_USER_PATHS = NO;
				COPY_PHASE_STRIP = YES;
				GCC_PRECOMPILE_PREFIX_HEADER = YES;
				GCC_PREFIX_HEADER = advertise/Prefix.pch;
				HEADER_SEARCH_PATHS = "$(SDKROOT)/usr/include/libxml2";
				INFOPLIST_FILE = advertise/Resources/Info.plist;
				LIBRARY_SEARCH_PATHS = (
					"$(inherited)",
					"\"$(SRCROOT)/advertise/RegexKitLite\"",
					"\"$(SRCROOT)/advertise/AFNetworking\"",
					"\"$(SRCROOT)/advertise/SDWebImag\"",
				);
				OTHER_LDFLAGS = (
					"-lxml2",
					"-lz",
					"-lsqlite3",
				);
				PRODUCT_NAME = "$(TARGET_NAME)";
				USER_HEADER_SEARCH_PATHS = "$(SDKROOT)/usr/include/libxml2";
				VALIDATE_PRODUCT = YES;
				WRAPPER_EXTENSION = app;
			};
			name = Release;
		};
/* End XCBuildConfiguration section */

/* Begin XCConfigurationList section */
		7B4232DA18AA0DCC00F09F48 /* Build configuration list for PBXProject "advertise" */ = {
			isa = XCConfigurationList;
			buildConfigurations = (
				7B4233B218AA0DCD00F09F48 /* Debug */,
				7B4233B318AA0DCD00F09F48 /* Release */,
			);
			defaultConfigurationIsVisible = 0;
			defaultConfigurationName = Release;
		};
		7B4233B418AA0DCD00F09F48 /* Build configuration list for PBXNativeTarget "advertise" */ = {
			isa = XCConfigurationList;
			buildConfigurations = (
				7B4233B518AA0DCD00F09F48 /* Debug */,
				7B4233B618AA0DCD00F09F48 /* Release */,
			);
			defaultConfigurationIsVisible = 0;
			defaultConfigurationName = Release;
		};
/* End XCConfigurationList section */
	};
	rootObject = 7B4232D718AA0DCC00F09F48 /* Project object */;
}
