// !$*UTF8*$!
{
	archiveVersion = 1;
	classes = {
	};
	objectVersion = 46;
	objects = {

/* Begin PBXBuildFile section */
		7B0157C31801AFDA00C63FDF /* CutomViewCell.m in Sources */ = {isa = PBXBuildFile; fileRef = 7B0157C21801AFDA00C63FDF /* CutomViewCell.m */; };
		7B24A74F184CBBC3004C8432 /* NSDictionary(JSON).m in Sources */ = {isa = PBXBuildFile; fileRef = 7B24A74E184CBBC3004C8432 /* NSDictionary(JSON).m */; };
		7B2B6BC91850A55900B53315 /* DownloadDelegate.m in Sources */ = {isa = PBXBuildFile; fileRef = 7B2B6BC41850A55900B53315 /* DownloadDelegate.m */; };
		7B2B6BCA1850A55900B53315 /* FileInfo.m in Sources */ = {isa = PBXBuildFile; fileRef = 7B2B6BC61850A55900B53315 /* FileInfo.m */; };
		7B2B6BCB1850A55900B53315 /* UploadDelegate.m in Sources */ = {isa = PBXBuildFile; fileRef = 7B2B6BC81850A55900B53315 /* UploadDelegate.m */; };
		7B55C6A41815ABB500C7BA72 /* CFNetwork.framework in Frameworks */ = {isa = PBXBuildFile; fileRef = 7B55C6A01815ABB500C7BA72 /* CFNetwork.framework */; };
		7B55C6A51815ABB500C7BA72 /* ImageIO.framework in Frameworks */ = {isa = PBXBuildFile; fileRef = 7B55C6A11815ABB500C7BA72 /* ImageIO.framework */; };
		7B55C6A61815ABB500C7BA72 /* Security.framework in Frameworks */ = {isa = PBXBuildFile; fileRef = 7B55C6A21815ABB500C7BA72 /* Security.framework */; };
		7B55C6A71815ABB500C7BA72 /* SystemConfiguration.framework in Frameworks */ = {isa = PBXBuildFile; fileRef = 7B55C6A31815ABB500C7BA72 /* SystemConfiguration.framework */; };
		7B567C1D17FE9BD500FB7D7B /* SaleDetail.m in Sources */ = {isa = PBXBuildFile; fileRef = 7B567C1C17FE9BD500FB7D7B /* SaleDetail.m */; };
		7B57D79D181925E3000C90FB /* BlueViewController.m in Sources */ = {isa = PBXBuildFile; fileRef = 7BDF2DDE17F2DBFD003157AF /* BlueViewController.m */; };
		7B72D630183CB55100DC10D2 /* UIProgressHud.m in Sources */ = {isa = PBXBuildFile; fileRef = 7B72D62F183CB55100DC10D2 /* UIProgressHud.m */; };
		7B7707E717F817880022E2EE /* CXMLDocument_CreationExtensions.m in Sources */ = {isa = PBXBuildFile; fileRef = 7B7707CC17F817880022E2EE /* CXMLDocument_CreationExtensions.m */; };
		7B7707E817F817880022E2EE /* CXMLNode_CreationExtensions.m in Sources */ = {isa = PBXBuildFile; fileRef = 7B7707CE17F817880022E2EE /* CXMLNode_CreationExtensions.m */; };
		7B7707E917F817880022E2EE /* CXHTMLDocument.m in Sources */ = {isa = PBXBuildFile; fileRef = 7B7707D017F817880022E2EE /* CXHTMLDocument.m */; };
		7B7707EA17F817880022E2EE /* CXMLDocument.m in Sources */ = {isa = PBXBuildFile; fileRef = 7B7707D217F817880022E2EE /* CXMLDocument.m */; };
		7B7707EB17F817880022E2EE /* CXMLDocument_PrivateExtensions.m in Sources */ = {isa = PBXBuildFile; fileRef = 7B7707D417F817880022E2EE /* CXMLDocument_PrivateExtensions.m */; };
		7B7707EC17F817880022E2EE /* CXMLElement.m in Sources */ = {isa = PBXBuildFile; fileRef = 7B7707D617F817880022E2EE /* CXMLElement.m */; };
		7B7707ED17F817880022E2EE /* CXMLElement_CreationExtensions.m in Sources */ = {isa = PBXBuildFile; fileRef = 7B7707D817F817880022E2EE /* CXMLElement_CreationExtensions.m */; };
		7B7707EE17F817880022E2EE /* CXMLElement_ElementTreeExtensions.m in Sources */ = {isa = PBXBuildFile; fileRef = 7B7707DA17F817880022E2EE /* CXMLElement_ElementTreeExtensions.m */; };
		7B7707EF17F817880022E2EE /* CXMLNamespaceNode.m in Sources */ = {isa = PBXBuildFile; fileRef = 7B7707DC17F817880022E2EE /* CXMLNamespaceNode.m */; };
		7B7707F017F817880022E2EE /* CXMLNode.m in Sources */ = {isa = PBXBuildFile; fileRef = 7B7707DE17F817880022E2EE /* CXMLNode.m */; };
		7B7707F117F817880022E2EE /* CXMLNode_PrivateExtensions.m in Sources */ = {isa = PBXBuildFile; fileRef = 7B7707E017F817880022E2EE /* CXMLNode_PrivateExtensions.m */; };
		7B7707F217F817880022E2EE /* CXMLNode_XPathExtensions.m in Sources */ = {isa = PBXBuildFile; fileRef = 7B7707E217F817880022E2EE /* CXMLNode_XPathExtensions.m */; };
		7B7707F317F817880022E2EE /* CTidy.m in Sources */ = {isa = PBXBuildFile; fileRef = 7B7707E517F817880022E2EE /* CTidy.m */; };
		7B7707F517F818770022E2EE /* libxml2.dylib in Frameworks */ = {isa = PBXBuildFile; fileRef = 7B7707F417F818770022E2EE /* libxml2.dylib */; };
		7B7707F917F81F410022E2EE /* RootViewController.m in Sources */ = {isa = PBXBuildFile; fileRef = 7B7707F817F81F410022E2EE /* RootViewController.m */; };
		7BBEE98F1851AEB900C72276 /* head.png in Resources */ = {isa = PBXBuildFile; fileRef = 7BBEE98E1851AEB900C72276 /* head.png */; };
		7BC96AA11803D37700F83802 /* UIImageView+DispatchLoad.m in Sources */ = {isa = PBXBuildFile; fileRef = 7BC96AA01803D37700F83802 /* UIImageView+DispatchLoad.m */; };
		7BC96AA61803F8D900F83802 /* FileManager.m in Sources */ = {isa = PBXBuildFile; fileRef = 7BC96AA51803F8D900F83802 /* FileManager.m */; };
		7BDF2DB517F2D313003157AF /* UIKit.framework in Frameworks */ = {isa = PBXBuildFile; fileRef = 7BDF2DB417F2D313003157AF /* UIKit.framework */; };
		7BDF2DB717F2D313003157AF /* Foundation.framework in Frameworks */ = {isa = PBXBuildFile; fileRef = 7BDF2DB617F2D313003157AF /* Foundation.framework */; };
		7BDF2DB917F2D313003157AF /* CoreGraphics.framework in Frameworks */ = {isa = PBXBuildFile; fileRef = 7BDF2DB817F2D313003157AF /* CoreGraphics.framework */; };
		7BDF2DBF17F2D313003157AF /* InfoPlist.strings in Resources */ = {isa = PBXBuildFile; fileRef = 7BDF2DBD17F2D313003157AF /* InfoPlist.strings */; };
		7BDF2DC117F2D313003157AF /* main.m in Sources */ = {isa = PBXBuildFile; fileRef = 7BDF2DC017F2D313003157AF /* main.m */; };
		7BDF2DC517F2D313003157AF /* AppDelegate.m in Sources */ = {isa = PBXBuildFile; fileRef = 7BDF2DC417F2D313003157AF /* AppDelegate.m */; };
		7BDF2DC717F2D313003157AF /* Default.png in Resources */ = {isa = PBXBuildFile; fileRef = 7BDF2DC617F2D313003157AF /* Default.png */; };
		7BDF2DC917F2D313003157AF /* Default@2x.png in Resources */ = {isa = PBXBuildFile; fileRef = 7BDF2DC817F2D313003157AF /* Default@2x.png */; };
		7BDF2DCB17F2D313003157AF /* Default-568h@2x.png in Resources */ = {isa = PBXBuildFile; fileRef = 7BDF2DCA17F2D313003157AF /* Default-568h@2x.png */; };
		7BDF2DDC17F2D3A6003157AF /* tabbar.xib in Resources */ = {isa = PBXBuildFile; fileRef = 7BDF2DDB17F2D3A6003157AF /* tabbar.xib */; };
		7BDF2DE617F2DBFD003157AF /* GreenViewController.m in Sources */ = {isa = PBXBuildFile; fileRef = 7BDF2DE017F2DBFD003157AF /* GreenViewController.m */; };
		7BDF2DE717F2DBFD003157AF /* RedViewController.m in Sources */ = {isa = PBXBuildFile; fileRef = 7BDF2DE217F2DBFD003157AF /* RedViewController.m */; };
		7BDF2DE817F2DBFD003157AF /* YellowViewController.m in Sources */ = {isa = PBXBuildFile; fileRef = 7BDF2DE417F2DBFD003157AF /* YellowViewController.m */; };
		7BDF2DEF17F2DDEB003157AF /* Ivan_UITabBar.m in Sources */ = {isa = PBXBuildFile; fileRef = 7BDF2DEC17F2DDEB003157AF /* Ivan_UITabBar.m */; };
		7BDF2DF017F2DDEB003157AF /* UIBadgeView.m in Sources */ = {isa = PBXBuildFile; fileRef = 7BDF2DEE17F2DDEB003157AF /* UIBadgeView.m */; };
		7BDF2DF517F2DE5B003157AF /* AVFoundation.framework in Frameworks */ = {isa = PBXBuildFile; fileRef = 7BDF2DF117F2DE5B003157AF /* AVFoundation.framework */; };
		7BDF2DF617F2DE5B003157AF /* CoreFoundation.framework in Frameworks */ = {isa = PBXBuildFile; fileRef = 7BDF2DF217F2DE5B003157AF /* CoreFoundation.framework */; };
		7BDF2DF717F2DE5B003157AF /* OpenAL.framework in Frameworks */ = {isa = PBXBuildFile; fileRef = 7BDF2DF317F2DE5B003157AF /* OpenAL.framework */; };
		7BDF2DF817F2DE5B003157AF /* OpenGLES.framework in Frameworks */ = {isa = PBXBuildFile; fileRef = 7BDF2DF417F2DE5B003157AF /* OpenGLES.framework */; };
		7BDF2DFB17F2DEEC003157AF /* QuartzCore.framework in Frameworks */ = {isa = PBXBuildFile; fileRef = 7BDF2DFA17F2DEEC003157AF /* QuartzCore.framework */; };
		7BDF2E0617F2E3A3003157AF /* Favorite.png in Resources */ = {isa = PBXBuildFile; fileRef = 7BDF2DFE17F2E3A3003157AF /* Favorite.png */; };
		7BDF2E0717F2E3A3003157AF /* Favorite1.png in Resources */ = {isa = PBXBuildFile; fileRef = 7BDF2DFF17F2E3A3003157AF /* Favorite1.png */; };
		7BDF2E0817F2E3A3003157AF /* My Reservation1.png in Resources */ = {isa = PBXBuildFile; fileRef = 7BDF2E0017F2E3A3003157AF /* My Reservation1.png */; };
		7BDF2E0917F2E3A3003157AF /* My-Reservation.png in Resources */ = {isa = PBXBuildFile; fileRef = 7BDF2E0117F2E3A3003157AF /* My-Reservation.png */; };
		7BDF2E0A17F2E3A3003157AF /* Profile.png in Resources */ = {isa = PBXBuildFile; fileRef = 7BDF2E0217F2E3A3003157AF /* Profile.png */; };
		7BDF2E0B17F2E3A3003157AF /* Profile1.png in Resources */ = {isa = PBXBuildFile; fileRef = 7BDF2E0317F2E3A3003157AF /* Profile1.png */; };
		7BDF2E0C17F2E3A3003157AF /* Search.png in Resources */ = {isa = PBXBuildFile; fileRef = 7BDF2E0417F2E3A3003157AF /* Search.png */; };
		7BDF2E0D17F2E3A3003157AF /* search1.png in Resources */ = {isa = PBXBuildFile; fileRef = 7BDF2E0517F2E3A3003157AF /* search1.png */; };
		7BF97789183B4D6E00C50039 /* HttpService.m in Sources */ = {isa = PBXBuildFile; fileRef = 7BF97788183B4D6E00C50039 /* HttpService.m */; };
/* End PBXBuildFile section */

/* Begin PBXFileReference section */
		7B0157C11801AFDA00C63FDF /* CutomViewCell.h */ = {isa = PBXFileReference; fileEncoding = 4; lastKnownFileType = sourcecode.c.h; path = CutomViewCell.h; sourceTree = "<group>"; };
		7B0157C21801AFDA00C63FDF /* CutomViewCell.m */ = {isa = PBXFileReference; fileEncoding = 4; lastKnownFileType = sourcecode.c.objc; path = CutomViewCell.m; sourceTree = "<group>"; };
		7B24A74D184CBBC3004C8432 /* NSDictionary(JSON).h */ = {isa = PBXFileReference; fileEncoding = 4; lastKnownFileType = sourcecode.c.h; path = "NSDictionary(JSON).h"; sourceTree = "<group>"; };
		7B24A74E184CBBC3004C8432 /* NSDictionary(JSON).m */ = {isa = PBXFileReference; fileEncoding = 4; lastKnownFileType = sourcecode.c.objc; path = "NSDictionary(JSON).m"; sourceTree = "<group>"; };
		7B2B6BC31850A55900B53315 /* DownloadDelegate.h */ = {isa = PBXFileReference; fileEncoding = 4; lastKnownFileType = sourcecode.c.h; path = DownloadDelegate.h; sourceTree = "<group>"; };
		7B2B6BC41850A55900B53315 /* DownloadDelegate.m */ = {isa = PBXFileReference; fileEncoding = 4; lastKnownFileType = sourcecode.c.objc; path = DownloadDelegate.m; sourceTree = "<group>"; };
		7B2B6BC51850A55900B53315 /* FileInfo.h */ = {isa = PBXFileReference; fileEncoding = 4; lastKnownFileType = sourcecode.c.h; path = FileInfo.h; sourceTree = "<group>"; };
		7B2B6BC61850A55900B53315 /* FileInfo.m */ = {isa = PBXFileReference; fileEncoding = 4; lastKnownFileType = sourcecode.c.objc; path = FileInfo.m; sourceTree = "<group>"; };
		7B2B6BC71850A55900B53315 /* UploadDelegate.h */ = {isa = PBXFileReference; fileEncoding = 4; lastKnownFileType = sourcecode.c.h; path = UploadDelegate.h; sourceTree = "<group>"; };
		7B2B6BC81850A55900B53315 /* UploadDelegate.m */ = {isa = PBXFileReference; fileEncoding = 4; lastKnownFileType = sourcecode.c.objc; path = UploadDelegate.m; sourceTree = "<group>"; };
		7B55C6A01815ABB500C7BA72 /* CFNetwork.framework */ = {isa = PBXFileReference; lastKnownFileType = wrapper.framework; name = CFNetwork.framework; path = System/Library/Frameworks/CFNetwork.framework; sourceTree = SDKROOT; };
		7B55C6A11815ABB500C7BA72 /* ImageIO.framework */ = {isa = PBXFileReference; lastKnownFileType = wrapper.framework; name = ImageIO.framework; path = System/Library/Frameworks/ImageIO.framework; sourceTree = SDKROOT; };
		7B55C6A21815ABB500C7BA72 /* Security.framework */ = {isa = PBXFileReference; lastKnownFileType = wrapper.framework; name = Security.framework; path = System/Library/Frameworks/Security.framework; sourceTree = SDKROOT; };
		7B55C6A31815ABB500C7BA72 /* SystemConfiguration.framework */ = {isa = PBXFileReference; lastKnownFileType = wrapper.framework; name = SystemConfiguration.framework; path = System/Library/Frameworks/SystemConfiguration.framework; sourceTree = SDKROOT; };
		7B567C1B17FE9BD500FB7D7B /* SaleDetail.h */ = {isa = PBXFileReference; fileEncoding = 4; lastKnownFileType = sourcecode.c.h; path = SaleDetail.h; sourceTree = "<group>"; };
		7B567C1C17FE9BD500FB7D7B /* SaleDetail.m */ = {isa = PBXFileReference; fileEncoding = 4; lastKnownFileType = sourcecode.c.objc; path = SaleDetail.m; sourceTree = "<group>"; };
		7B72D62E183CB55100DC10D2 /* UIProgressHud.h */ = {isa = PBXFileReference; fileEncoding = 4; lastKnownFileType = sourcecode.c.h; path = UIProgressHud.h; sourceTree = "<group>"; };
		7B72D62F183CB55100DC10D2 /* UIProgressHud.m */ = {isa = PBXFileReference; fileEncoding = 4; lastKnownFileType = sourcecode.c.objc; path = UIProgressHud.m; sourceTree = "<group>"; };
		7B7707CB17F817880022E2EE /* CXMLDocument_CreationExtensions.h */ = {isa = PBXFileReference; fileEncoding = 4; lastKnownFileType = sourcecode.c.h; path = CXMLDocument_CreationExtensions.h; sourceTree = "<group>"; };
		7B7707CC17F817880022E2EE /* CXMLDocument_CreationExtensions.m */ = {isa = PBXFileReference; fileEncoding = 4; lastKnownFileType = sourcecode.c.objc; path = CXMLDocument_CreationExtensions.m; sourceTree = "<group>"; };
		7B7707CD17F817880022E2EE /* CXMLNode_CreationExtensions.h */ = {isa = PBXFileReference; fileEncoding = 4; lastKnownFileType = sourcecode.c.h; path = CXMLNode_CreationExtensions.h; sourceTree = "<group>"; };
		7B7707CE17F817880022E2EE /* CXMLNode_CreationExtensions.m */ = {isa = PBXFileReference; fileEncoding = 4; lastKnownFileType = sourcecode.c.objc; path = CXMLNode_CreationExtensions.m; sourceTree = "<group>"; };
		7B7707CF17F817880022E2EE /* CXHTMLDocument.h */ = {isa = PBXFileReference; fileEncoding = 4; lastKnownFileType = sourcecode.c.h; path = CXHTMLDocument.h; sourceTree = "<group>"; };
		7B7707D017F817880022E2EE /* CXHTMLDocument.m */ = {isa = PBXFileReference; fileEncoding = 4; lastKnownFileType = sourcecode.c.objc; path = CXHTMLDocument.m; sourceTree = "<group>"; };
		7B7707D117F817880022E2EE /* CXMLDocument.h */ = {isa = PBXFileReference; fileEncoding = 4; lastKnownFileType = sourcecode.c.h; path = CXMLDocument.h; sourceTree = "<group>"; };
		7B7707D217F817880022E2EE /* CXMLDocument.m */ = {isa = PBXFileReference; fileEncoding = 4; lastKnownFileType = sourcecode.c.objc; path = CXMLDocument.m; sourceTree = "<group>"; };
		7B7707D317F817880022E2EE /* CXMLDocument_PrivateExtensions.h */ = {isa = PBXFileReference; fileEncoding = 4; lastKnownFileType = sourcecode.c.h; path = CXMLDocument_PrivateExtensions.h; sourceTree = "<group>"; };
		7B7707D417F817880022E2EE /* CXMLDocument_PrivateExtensions.m */ = {isa = PBXFileReference; fileEncoding = 4; lastKnownFileType = sourcecode.c.objc; path = CXMLDocument_PrivateExtensions.m; sourceTree = "<group>"; };
		7B7707D517F817880022E2EE /* CXMLElement.h */ = {isa = PBXFileReference; fileEncoding = 4; lastKnownFileType = sourcecode.c.h; path = CXMLElement.h; sourceTree = "<group>"; };
		7B7707D617F817880022E2EE /* CXMLElement.m */ = {isa = PBXFileReference; fileEncoding = 4; lastKnownFileType = sourcecode.c.objc; path = CXMLElement.m; sourceTree = "<group>"; };
		7B7707D717F817880022E2EE /* CXMLElement_CreationExtensions.h */ = {isa = PBXFileReference; fileEncoding = 4; lastKnownFileType = sourcecode.c.h; path = CXMLElement_CreationExtensions.h; sourceTree = "<group>"; };
		7B7707D817F817880022E2EE /* CXMLElement_CreationExtensions.m */ = {isa = PBXFileReference; fileEncoding = 4; lastKnownFileType = sourcecode.c.objc; path = CXMLElement_CreationExtensions.m; sourceTree = "<group>"; };
		7B7707D917F817880022E2EE /* CXMLElement_ElementTreeExtensions.h */ = {isa = PBXFileReference; fileEncoding = 4; lastKnownFileType = sourcecode.c.h; path = CXMLElement_ElementTreeExtensions.h; sourceTree = "<group>"; };
		7B7707DA17F817880022E2EE /* CXMLElement_ElementTreeExtensions.m */ = {isa = PBXFileReference; fileEncoding = 4; lastKnownFileType = sourcecode.c.objc; path = CXMLElement_ElementTreeExtensions.m; sourceTree = "<group>"; };
		7B7707DB17F817880022E2EE /* CXMLNamespaceNode.h */ = {isa = PBXFileReference; fileEncoding = 4; lastKnownFileType = sourcecode.c.h; path = CXMLNamespaceNode.h; sourceTree = "<group>"; };
		7B7707DC17F817880022E2EE /* CXMLNamespaceNode.m */ = {isa = PBXFileReference; fileEncoding = 4; lastKnownFileType = sourcecode.c.objc; path = CXMLNamespaceNode.m; sourceTree = "<group>"; };
		7B7707DD17F817880022E2EE /* CXMLNode.h */ = {isa = PBXFileReference; fileEncoding = 4; lastKnownFileType = sourcecode.c.h; path = CXMLNode.h; sourceTree = "<group>"; };
		7B7707DE17F817880022E2EE /* CXMLNode.m */ = {isa = PBXFileReference; fileEncoding = 4; lastKnownFileType = sourcecode.c.objc; path = CXMLNode.m; sourceTree = "<group>"; };
		7B7707DF17F817880022E2EE /* CXMLNode_PrivateExtensions.h */ = {isa = PBXFileReference; fileEncoding = 4; lastKnownFileType = sourcecode.c.h; path = CXMLNode_PrivateExtensions.h; sourceTree = "<group>"; };
		7B7707E017F817880022E2EE /* CXMLNode_PrivateExtensions.m */ = {isa = PBXFileReference; fileEncoding = 4; lastKnownFileType = sourcecode.c.objc; path = CXMLNode_PrivateExtensions.m; sourceTree = "<group>"; };
		7B7707E117F817880022E2EE /* CXMLNode_XPathExtensions.h */ = {isa = PBXFileReference; fileEncoding = 4; lastKnownFileType = sourcecode.c.h; path = CXMLNode_XPathExtensions.h; sourceTree = "<group>"; };
		7B7707E217F817880022E2EE /* CXMLNode_XPathExtensions.m */ = {isa = PBXFileReference; fileEncoding = 4; lastKnownFileType = sourcecode.c.objc; path = CXMLNode_XPathExtensions.m; sourceTree = "<group>"; };
		7B7707E417F817880022E2EE /* CTidy.h */ = {isa = PBXFileReference; fileEncoding = 4; lastKnownFileType = sourcecode.c.h; path = CTidy.h; sourceTree = "<group>"; };
		7B7707E517F817880022E2EE /* CTidy.m */ = {isa = PBXFileReference; fileEncoding = 4; lastKnownFileType = sourcecode.c.objc; path = CTidy.m; sourceTree = "<group>"; };
		7B7707E617F817880022E2EE /* TouchXML.h */ = {isa = PBXFileReference; fileEncoding = 4; lastKnownFileType = sourcecode.c.h; path = TouchXML.h; sourceTree = "<group>"; };
		7B7707F417F818770022E2EE /* libxml2.dylib */ = {isa = PBXFileReference; lastKnownFileType = "compiled.mach-o.dylib"; name = libxml2.dylib; path = usr/lib/libxml2.dylib; sourceTree = SDKROOT; };
		7B7707F717F81F410022E2EE /* RootViewController.h */ = {isa = PBXFileReference; fileEncoding = 4; lastKnownFileType = sourcecode.c.h; path = RootViewController.h; sourceTree = "<group>"; };
		7B7707F817F81F410022E2EE /* RootViewController.m */ = {isa = PBXFileReference; fileEncoding = 4; lastKnownFileType = sourcecode.c.objc; path = RootViewController.m; sourceTree = "<group>"; };
		7B7707FC17F8287A0022E2EE /* Constant.h */ = {isa = PBXFileReference; fileEncoding = 4; lastKnownFileType = sourcecode.c.h; path = Constant.h; sourceTree = "<group>"; };
		7BBEE98E1851AEB900C72276 /* head.png */ = {isa = PBXFileReference; lastKnownFileType = image.png; path = head.png; sourceTree = "<group>"; };
		7BC96A9F1803D37700F83802 /* UIImageView+DispatchLoad.h */ = {isa = PBXFileReference; fileEncoding = 4; lastKnownFileType = sourcecode.c.h; path = "UIImageView+DispatchLoad.h"; sourceTree = "<group>"; };
		7BC96AA01803D37700F83802 /* UIImageView+DispatchLoad.m */ = {isa = PBXFileReference; fileEncoding = 4; lastKnownFileType = sourcecode.c.objc; path = "UIImageView+DispatchLoad.m"; sourceTree = "<group>"; };
		7BC96AA41803F8D900F83802 /* FileManager.h */ = {isa = PBXFileReference; fileEncoding = 4; lastKnownFileType = sourcecode.c.h; path = FileManager.h; sourceTree = "<group>"; };
		7BC96AA51803F8D900F83802 /* FileManager.m */ = {isa = PBXFileReference; fileEncoding = 4; lastKnownFileType = sourcecode.c.objc; path = FileManager.m; sourceTree = "<group>"; };
		7BDF2DB117F2D313003157AF /* FinalPG.app */ = {isa = PBXFileReference; explicitFileType = wrapper.application; includeInIndex = 0; path = FinalPG.app; sourceTree = BUILT_PRODUCTS_DIR; };
		7BDF2DB417F2D313003157AF /* UIKit.framework */ = {isa = PBXFileReference; lastKnownFileType = wrapper.framework; name = UIKit.framework; path = System/Library/Frameworks/UIKit.framework; sourceTree = SDKROOT; };
		7BDF2DB617F2D313003157AF /* Foundation.framework */ = {isa = PBXFileReference; lastKnownFileType = wrapper.framework; name = Foundation.framework; path = System/Library/Frameworks/Foundation.framework; sourceTree = SDKROOT; };
		7BDF2DB817F2D313003157AF /* CoreGraphics.framework */ = {isa = PBXFileReference; lastKnownFileType = wrapper.framework; name = CoreGraphics.framework; path = System/Library/Frameworks/CoreGraphics.framework; sourceTree = SDKROOT; };
		7BDF2DBC17F2D313003157AF /* FinalPG-Info.plist */ = {isa = PBXFileReference; lastKnownFileType = text.plist.xml; path = "FinalPG-Info.plist"; sourceTree = "<group>"; };
		7BDF2DBE17F2D313003157AF /* en */ = {isa = PBXFileReference; lastKnownFileType = text.plist.strings; name = en; path = en.lproj/InfoPlist.strings; sourceTree = "<group>"; };
		7BDF2DC017F2D313003157AF /* main.m */ = {isa = PBXFileReference; lastKnownFileType = sourcecode.c.objc; path = main.m; sourceTree = "<group>"; };
		7BDF2DC217F2D313003157AF /* FinalPG-Prefix.pch */ = {isa = PBXFileReference; lastKnownFileType = sourcecode.c.h; path = "FinalPG-Prefix.pch"; sourceTree = "<group>"; };
		7BDF2DC317F2D313003157AF /* AppDelegate.h */ = {isa = PBXFileReference; lastKnownFileType = sourcecode.c.h; path = AppDelegate.h; sourceTree = "<group>"; };
		7BDF2DC417F2D313003157AF /* AppDelegate.m */ = {isa = PBXFileReference; lastKnownFileType = sourcecode.c.objc; path = AppDelegate.m; sourceTree = "<group>"; };
		7BDF2DC617F2D313003157AF /* Default.png */ = {isa = PBXFileReference; lastKnownFileType = image.png; path = Default.png; sourceTree = "<group>"; };
		7BDF2DC817F2D313003157AF /* Default@2x.png */ = {isa = PBXFileReference; lastKnownFileType = image.png; path = "Default@2x.png"; sourceTree = "<group>"; };
		7BDF2DCA17F2D313003157AF /* Default-568h@2x.png */ = {isa = PBXFileReference; lastKnownFileType = image.png; path = "Default-568h@2x.png"; sourceTree = "<group>"; };
		7BDF2DDB17F2D3A6003157AF /* tabbar.xib */ = {isa = PBXFileReference; fileEncoding = 4; lastKnownFileType = file.xib; name = tabbar.xib; path = ../tabbar.xib; sourceTree = "<group>"; };
		7BDF2DDD17F2DBFD003157AF /* BlueViewController.h */ = {isa = PBXFileReference; fileEncoding = 4; lastKnownFileType = sourcecode.c.h; path = BlueViewController.h; sourceTree = "<group>"; };
		7BDF2DDE17F2DBFD003157AF /* BlueViewController.m */ = {isa = PBXFileReference; fileEncoding = 4; lastKnownFileType = sourcecode.c.objc; path = BlueViewController.m; sourceTree = "<group>"; };
		7BDF2DDF17F2DBFD003157AF /* GreenViewController.h */ = {isa = PBXFileReference; fileEncoding = 4; lastKnownFileType = sourcecode.c.h; path = GreenViewController.h; sourceTree = "<group>"; };
		7BDF2DE017F2DBFD003157AF /* GreenViewController.m */ = {isa = PBXFileReference; fileEncoding = 4; lastKnownFileType = sourcecode.c.objc; path = GreenViewController.m; sourceTree = "<group>"; };
		7BDF2DE117F2DBFD003157AF /* RedViewController.h */ = {isa = PBXFileReference; fileEncoding = 4; lastKnownFileType = sourcecode.c.h; path = RedViewController.h; sourceTree = "<group>"; };
		7BDF2DE217F2DBFD003157AF /* RedViewController.m */ = {isa = PBXFileReference; fileEncoding = 4; lastKnownFileType = sourcecode.c.objc; path = RedViewController.m; sourceTree = "<group>"; };
		7BDF2DE317F2DBFD003157AF /* YellowViewController.h */ = {isa = PBXFileReference; fileEncoding = 4; lastKnownFileType = sourcecode.c.h; path = YellowViewController.h; sourceTree = "<group>"; };
		7BDF2DE417F2DBFD003157AF /* YellowViewController.m */ = {isa = PBXFileReference; fileEncoding = 4; lastKnownFileType = sourcecode.c.objc; path = YellowViewController.m; sourceTree = "<group>"; };
		7BDF2DEB17F2DDEB003157AF /* Ivan_UITabBar.h */ = {isa = PBXFileReference; fileEncoding = 4; lastKnownFileType = sourcecode.c.h; path = Ivan_UITabBar.h; sourceTree = "<group>"; };
		7BDF2DEC17F2DDEB003157AF /* Ivan_UITabBar.m */ = {isa = PBXFileReference; fileEncoding = 4; lastKnownFileType = sourcecode.c.objc; path = Ivan_UITabBar.m; sourceTree = "<group>"; };
		7BDF2DED17F2DDEB003157AF /* UIBadgeView.h */ = {isa = PBXFileReference; fileEncoding = 4; lastKnownFileType = sourcecode.c.h; path = UIBadgeView.h; sourceTree = "<group>"; };
		7BDF2DEE17F2DDEB003157AF /* UIBadgeView.m */ = {isa = PBXFileReference; fileEncoding = 4; lastKnownFileType = sourcecode.c.objc; path = UIBadgeView.m; sourceTree = "<group>"; };
		7BDF2DF117F2DE5B003157AF /* AVFoundation.framework */ = {isa = PBXFileReference; lastKnownFileType = wrapper.framework; name = AVFoundation.framework; path = System/Library/Frameworks/AVFoundation.framework; sourceTree = SDKROOT; };
		7BDF2DF217F2DE5B003157AF /* CoreFoundation.framework */ = {isa = PBXFileReference; lastKnownFileType = wrapper.framework; name = CoreFoundation.framework; path = System/Library/Frameworks/CoreFoundation.framework; sourceTree = SDKROOT; };
		7BDF2DF317F2DE5B003157AF /* OpenAL.framework */ = {isa = PBXFileReference; lastKnownFileType = wrapper.framework; name = OpenAL.framework; path = System/Library/Frameworks/OpenAL.framework; sourceTree = SDKROOT; };
		7BDF2DF417F2DE5B003157AF /* OpenGLES.framework */ = {isa = PBXFileReference; lastKnownFileType = wrapper.framework; name = OpenGLES.framework; path = System/Library/Frameworks/OpenGLES.framework; sourceTree = SDKROOT; };
		7BDF2DFA17F2DEEC003157AF /* QuartzCore.framework */ = {isa = PBXFileReference; lastKnownFileType = wrapper.framework; name = QuartzCore.framework; path = System/Library/Frameworks/QuartzCore.framework; sourceTree = SDKROOT; };
		7BDF2DFE17F2E3A3003157AF /* Favorite.png */ = {isa = PBXFileReference; lastKnownFileType = image.png; path = Favorite.png; sourceTree = "<group>"; };
		7BDF2DFF17F2E3A3003157AF /* Favorite1.png */ = {isa = PBXFileReference; lastKnownFileType = image.png; path = Favorite1.png; sourceTree = "<group>"; };
		7BDF2E0017F2E3A3003157AF /* My Reservation1.png */ = {isa = PBXFileReference; lastKnownFileType = image.png; path = "My Reservation1.png"; sourceTree = "<group>"; };
		7BDF2E0117F2E3A3003157AF /* My-Reservation.png */ = {isa = PBXFileReference; lastKnownFileType = image.png; path = "My-Reservation.png"; sourceTree = "<group>"; };
		7BDF2E0217F2E3A3003157AF /* Profile.png */ = {isa = PBXFileReference; lastKnownFileType = image.png; path = Profile.png; sourceTree = "<group>"; };
		7BDF2E0317F2E3A3003157AF /* Profile1.png */ = {isa = PBXFileReference; lastKnownFileType = image.png; path = Profile1.png; sourceTree = "<group>"; };
		7BDF2E0417F2E3A3003157AF /* Search.png */ = {isa = PBXFileReference; lastKnownFileType = image.png; path = Search.png; sourceTree = "<group>"; };
		7BDF2E0517F2E3A3003157AF /* search1.png */ = {isa = PBXFileReference; lastKnownFileType = image.png; path = search1.png; sourceTree = "<group>"; };
		7BF1F88D183F5D1A00B83946 /* Singleton.h */ = {isa = PBXFileReference; fileEncoding = 4; lastKnownFileType = sourcecode.c.h; path = Singleton.h; sourceTree = "<group>"; };
		7BF97787183B4D6E00C50039 /* HttpService.h */ = {isa = PBXFileReference; fileEncoding = 4; lastKnownFileType = sourcecode.c.h; path = HttpService.h; sourceTree = "<group>"; };
		7BF97788183B4D6E00C50039 /* HttpService.m */ = {isa = PBXFileReference; fileEncoding = 4; lastKnownFileType = sourcecode.c.objc; path = HttpService.m; sourceTree = "<group>"; };
/* End PBXFileReference section */

/* Begin PBXFrameworksBuildPhase section */
		7BDF2DAE17F2D313003157AF /* Frameworks */ = {
			isa = PBXFrameworksBuildPhase;
			buildActionMask = 2147483647;
			files = (
				7B55C6A41815ABB500C7BA72 /* CFNetwork.framework in Frameworks */,
				7B55C6A51815ABB500C7BA72 /* ImageIO.framework in Frameworks */,
				7B55C6A61815ABB500C7BA72 /* Security.framework in Frameworks */,
				7B55C6A71815ABB500C7BA72 /* SystemConfiguration.framework in Frameworks */,
				7B7707F517F818770022E2EE /* libxml2.dylib in Frameworks */,
				7BDF2DFB17F2DEEC003157AF /* QuartzCore.framework in Frameworks */,
				7BDF2DF517F2DE5B003157AF /* AVFoundation.framework in Frameworks */,
				7BDF2DF617F2DE5B003157AF /* CoreFoundation.framework in Frameworks */,
				7BDF2DF717F2DE5B003157AF /* OpenAL.framework in Frameworks */,
				7BDF2DF817F2DE5B003157AF /* OpenGLES.framework in Frameworks */,
				7BDF2DB517F2D313003157AF /* UIKit.framework in Frameworks */,
				7BDF2DB717F2D313003157AF /* Foundation.framework in Frameworks */,
				7BDF2DB917F2D313003157AF /* CoreGraphics.framework in Frameworks */,
			);
			runOnlyForDeploymentPostprocessing = 0;
		};
/* End PBXFrameworksBuildPhase section */

/* Begin PBXGroup section */
		7B0157C01801AFC200C63FDF /* CustomView */ = {
			isa = PBXGroup;
			children = (
				7BC96A9E1803D34200F83802 /* ImageView */,
				7BA90CA01803132000CBF2A5 /* TableViewCell */,
			);
			name = CustomView;
			sourceTree = "<group>";
		};
		7B24A74C184CBBC3004C8432 /* Dictionary&Json */ = {
			isa = PBXGroup;
			children = (
				7B24A74D184CBBC3004C8432 /* NSDictionary(JSON).h */,
				7B24A74E184CBBC3004C8432 /* NSDictionary(JSON).m */,
			);
			name = "Dictionary&Json";
			path = "dictionary&Json";
			sourceTree = "<group>";
		};
		7B2B6BC21850A55900B53315 /* FTPStream */ = {
			isa = PBXGroup;
			children = (
				7B2B6BC51850A55900B53315 /* FileInfo.h */,
				7B2B6BC61850A55900B53315 /* FileInfo.m */,
				7B2B6BC31850A55900B53315 /* DownloadDelegate.h */,
				7B2B6BC41850A55900B53315 /* DownloadDelegate.m */,
				7B2B6BC71850A55900B53315 /* UploadDelegate.h */,
				7B2B6BC81850A55900B53315 /* UploadDelegate.m */,
			);
			path = FTPStream;
			sourceTree = "<group>";
		};
		7B567C1A17FE9BB700FB7D7B /* DataObject */ = {
			isa = PBXGroup;
			children = (
				7B567C1B17FE9BD500FB7D7B /* SaleDetail.h */,
				7B567C1C17FE9BD500FB7D7B /* SaleDetail.m */,
			);
			name = DataObject;
			sourceTree = "<group>";
		};
		7B72D62D183CB55100DC10D2 /* UIProgressHud */ = {
			isa = PBXGroup;
			children = (
				7B72D62E183CB55100DC10D2 /* UIProgressHud.h */,
				7B72D62F183CB55100DC10D2 /* UIProgressHud.m */,
			);
			path = UIProgressHud;
			sourceTree = "<group>";
		};
		7B77079817F816730022E2EE /* TouchXml */ = {
			isa = PBXGroup;
			children = (
				7B7707C917F817880022E2EE /* Source */,
			);
			name = TouchXml;
			sourceTree = "<group>";
		};
		7B7707C917F817880022E2EE /* Source */ = {
			isa = PBXGroup;
			children = (
				7B7707CA17F817880022E2EE /* Creation */,
				7B7707CF17F817880022E2EE /* CXHTMLDocument.h */,
				7B7707D017F817880022E2EE /* CXHTMLDocument.m */,
				7B7707D117F817880022E2EE /* CXMLDocument.h */,
				7B7707D217F817880022E2EE /* CXMLDocument.m */,
				7B7707D317F817880022E2EE /* CXMLDocument_PrivateExtensions.h */,
				7B7707D417F817880022E2EE /* CXMLDocument_PrivateExtensions.m */,
				7B7707D517F817880022E2EE /* CXMLElement.h */,
				7B7707D617F817880022E2EE /* CXMLElement.m */,
				7B7707D717F817880022E2EE /* CXMLElement_CreationExtensions.h */,
				7B7707D817F817880022E2EE /* CXMLElement_CreationExtensions.m */,
				7B7707D917F817880022E2EE /* CXMLElement_ElementTreeExtensions.h */,
				7B7707DA17F817880022E2EE /* CXMLElement_ElementTreeExtensions.m */,
				7B7707DB17F817880022E2EE /* CXMLNamespaceNode.h */,
				7B7707DC17F817880022E2EE /* CXMLNamespaceNode.m */,
				7B7707DD17F817880022E2EE /* CXMLNode.h */,
				7B7707DE17F817880022E2EE /* CXMLNode.m */,
				7B7707DF17F817880022E2EE /* CXMLNode_PrivateExtensions.h */,
				7B7707E017F817880022E2EE /* CXMLNode_PrivateExtensions.m */,
				7B7707E117F817880022E2EE /* CXMLNode_XPathExtensions.h */,
				7B7707E217F817880022E2EE /* CXMLNode_XPathExtensions.m */,
				7B7707E317F817880022E2EE /* Tidy */,
				7B7707E617F817880022E2EE /* TouchXML.h */,
			);
			path = Source;
			sourceTree = "<group>";
		};
		7B7707CA17F817880022E2EE /* Creation */ = {
			isa = PBXGroup;
			children = (
				7B7707CB17F817880022E2EE /* CXMLDocument_CreationExtensions.h */,
				7B7707CC17F817880022E2EE /* CXMLDocument_CreationExtensions.m */,
				7B7707CD17F817880022E2EE /* CXMLNode_CreationExtensions.h */,
				7B7707CE17F817880022E2EE /* CXMLNode_CreationExtensions.m */,
			);
			path = Creation;
			sourceTree = "<group>";
		};
		7B7707E317F817880022E2EE /* Tidy */ = {
			isa = PBXGroup;
			children = (
				7B7707E417F817880022E2EE /* CTidy.h */,
				7B7707E517F817880022E2EE /* CTidy.m */,
			);
			path = Tidy;
			sourceTree = "<group>";
		};
		7B7707F617F81EFE0022E2EE /* RootController */ = {
			isa = PBXGroup;
			children = (
				7B7707F717F81F410022E2EE /* RootViewController.h */,
				7B7707F817F81F410022E2EE /* RootViewController.m */,
			);
			name = RootController;
			sourceTree = "<group>";
		};
		7B7707FB17F828590022E2EE /* Constant */ = {
			isa = PBXGroup;
			children = (
				7B7707FC17F8287A0022E2EE /* Constant.h */,
			);
			name = Constant;
			sourceTree = "<group>";
		};
		7BA90CA01803132000CBF2A5 /* TableViewCell */ = {
			isa = PBXGroup;
			children = (
				7B0157C11801AFDA00C63FDF /* CutomViewCell.h */,
				7B0157C21801AFDA00C63FDF /* CutomViewCell.m */,
			);
			name = TableViewCell;
			sourceTree = "<group>";
		};
		7BC96A9E1803D34200F83802 /* ImageView */ = {
			isa = PBXGroup;
			children = (
				7BC96A9F1803D37700F83802 /* UIImageView+DispatchLoad.h */,
				7BC96AA01803D37700F83802 /* UIImageView+DispatchLoad.m */,
			);
			name = ImageView;
			sourceTree = "<group>";
		};
		7BC96AA31803F8D900F83802 /* FileManager */ = {
			isa = PBXGroup;
			children = (
				7BC96AA41803F8D900F83802 /* FileManager.h */,
				7BC96AA51803F8D900F83802 /* FileManager.m */,
			);
			path = FileManager;
			sourceTree = "<group>";
		};
		7BDF2DA817F2D313003157AF = {
			isa = PBXGroup;
			children = (
				7BDF2DBA17F2D313003157AF /* FinalPG */,
				7BDF2DB317F2D313003157AF /* Frameworks */,
				7BDF2DB217F2D313003157AF /* Products */,
			);
			sourceTree = "<group>";
		};
		7BDF2DB217F2D313003157AF /* Products */ = {
			isa = PBXGroup;
			children = (
				7BDF2DB117F2D313003157AF /* FinalPG.app */,
			);
			name = Products;
			sourceTree = "<group>";
		};
		7BDF2DB317F2D313003157AF /* Frameworks */ = {
			isa = PBXGroup;
			children = (
				7B7707F417F818770022E2EE /* libxml2.dylib */,
				7B55C6A01815ABB500C7BA72 /* CFNetwork.framework */,
				7B55C6A11815ABB500C7BA72 /* ImageIO.framework */,
				7B55C6A21815ABB500C7BA72 /* Security.framework */,
				7B55C6A31815ABB500C7BA72 /* SystemConfiguration.framework */,
				7BDF2DFA17F2DEEC003157AF /* QuartzCore.framework */,
				7BDF2DF117F2DE5B003157AF /* AVFoundation.framework */,
				7BDF2DF217F2DE5B003157AF /* CoreFoundation.framework */,
				7BDF2DF317F2DE5B003157AF /* OpenAL.framework */,
				7BDF2DF417F2DE5B003157AF /* OpenGLES.framework */,
				7BDF2DB417F2D313003157AF /* UIKit.framework */,
				7BDF2DB617F2D313003157AF /* Foundation.framework */,
				7BDF2DB817F2D313003157AF /* CoreGraphics.framework */,
			);
			name = Frameworks;
			sourceTree = "<group>";
		};
		7BDF2DBA17F2D313003157AF /* FinalPG */ = {
			isa = PBXGroup;
			children = (
				7B2B6BC21850A55900B53315 /* FTPStream */,
				7B24A74C184CBBC3004C8432 /* Dictionary&Json */,
				7BF1F88C183F5D1A00B83946 /* Singleton */,
				7B72D62D183CB55100DC10D2 /* UIProgressHud */,
				7BF97786183B4D6E00C50039 /* HttpService */,
				7BC96AA31803F8D900F83802 /* FileManager */,
				7B0157C01801AFC200C63FDF /* CustomView */,
				7B567C1A17FE9BB700FB7D7B /* DataObject */,
				7B7707FB17F828590022E2EE /* Constant */,
				7B7707F617F81EFE0022E2EE /* RootController */,
				7B77079817F816730022E2EE /* TouchXml */,
				7BDF2DEA17F2DD8B003157AF /* Tabbar */,
				7BDF2DE917F2DD6E003157AF /* UIController */,
				7BDF2DFD17F2E379003157AF /* AppDelegate */,
				7BDF2DFC17F2E345003157AF /* Resource */,
				7BDF2DBB17F2D313003157AF /* Supporting Files */,
			);
			path = FinalPG;
			sourceTree = "<group>";
		};
		7BDF2DBB17F2D313003157AF /* Supporting Files */ = {
			isa = PBXGroup;
			children = (
				7BDF2DBC17F2D313003157AF /* FinalPG-Info.plist */,
				7BDF2DBD17F2D313003157AF /* InfoPlist.strings */,
				7BDF2DC017F2D313003157AF /* main.m */,
				7BDF2DC217F2D313003157AF /* FinalPG-Prefix.pch */,
				7BDF2DC617F2D313003157AF /* Default.png */,
				7BDF2DC817F2D313003157AF /* Default@2x.png */,
				7BDF2DCA17F2D313003157AF /* Default-568h@2x.png */,
			);
			name = "Supporting Files";
			sourceTree = "<group>";
		};
		7BDF2DE917F2DD6E003157AF /* UIController */ = {
			isa = PBXGroup;
			children = (
				7BDF2DDD17F2DBFD003157AF /* BlueViewController.h */,
				7BDF2DDE17F2DBFD003157AF /* BlueViewController.m */,
				7BDF2DDF17F2DBFD003157AF /* GreenViewController.h */,
				7BDF2DE017F2DBFD003157AF /* GreenViewController.m */,
				7BDF2DE117F2DBFD003157AF /* RedViewController.h */,
				7BDF2DE217F2DBFD003157AF /* RedViewController.m */,
				7BDF2DE317F2DBFD003157AF /* YellowViewController.h */,
				7BDF2DE417F2DBFD003157AF /* YellowViewController.m */,
			);
			name = UIController;
			sourceTree = "<group>";
		};
		7BDF2DEA17F2DD8B003157AF /* Tabbar */ = {
			isa = PBXGroup;
			children = (
				7BDF2DEB17F2DDEB003157AF /* Ivan_UITabBar.h */,
				7BDF2DEC17F2DDEB003157AF /* Ivan_UITabBar.m */,
				7BDF2DED17F2DDEB003157AF /* UIBadgeView.h */,
				7BDF2DEE17F2DDEB003157AF /* UIBadgeView.m */,
				7BDF2DDB17F2D3A6003157AF /* tabbar.xib */,
			);
			name = Tabbar;
			sourceTree = "<group>";
		};
		7BDF2DFC17F2E345003157AF /* Resource */ = {
			isa = PBXGroup;
			children = (
				7BBEE98E1851AEB900C72276 /* head.png */,
				7BDF2DFE17F2E3A3003157AF /* Favorite.png */,
				7BDF2DFF17F2E3A3003157AF /* Favorite1.png */,
				7BDF2E0017F2E3A3003157AF /* My Reservation1.png */,
				7BDF2E0117F2E3A3003157AF /* My-Reservation.png */,
				7BDF2E0217F2E3A3003157AF /* Profile.png */,
				7BDF2E0317F2E3A3003157AF /* Profile1.png */,
				7BDF2E0417F2E3A3003157AF /* Search.png */,
				7BDF2E0517F2E3A3003157AF /* search1.png */,
			);
			name = Resource;
			sourceTree = "<group>";
		};
		7BDF2DFD17F2E379003157AF /* AppDelegate */ = {
			isa = PBXGroup;
			children = (
				7BDF2DC317F2D313003157AF /* AppDelegate.h */,
				7BDF2DC417F2D313003157AF /* AppDelegate.m */,
			);
			name = AppDelegate;
			sourceTree = "<group>";
		};
		7BF1F88C183F5D1A00B83946 /* Singleton */ = {
			isa = PBXGroup;
			children = (
				7BF1F88D183F5D1A00B83946 /* Singleton.h */,
			);
			path = Singleton;
			sourceTree = "<group>";
		};
		7BF97786183B4D6E00C50039 /* HttpService */ = {
			isa = PBXGroup;
			children = (
				7BF97787183B4D6E00C50039 /* HttpService.h */,
				7BF97788183B4D6E00C50039 /* HttpService.m */,
			);
			path = HttpService;
			sourceTree = "<group>";
		};
/* End PBXGroup section */

/* Begin PBXNativeTarget section */
		7BDF2DB017F2D313003157AF /* FinalPG */ = {
			isa = PBXNativeTarget;
			buildConfigurationList = 7BDF2DCE17F2D313003157AF /* Build configuration list for PBXNativeTarget "FinalPG" */;
			buildPhases = (
				7BDF2DAD17F2D313003157AF /* Sources */,
				7BDF2DAE17F2D313003157AF /* Frameworks */,
				7BDF2DAF17F2D313003157AF /* Resources */,
			);
			buildRules = (
			);
			dependencies = (
			);
			name = FinalPG;
			productName = FinalPG;
			productReference = 7BDF2DB117F2D313003157AF /* FinalPG.app */;
			productType = "com.apple.product-type.application";
		};
/* End PBXNativeTarget section */

/* Begin PBXProject section */
		7BDF2DA917F2D313003157AF /* Project object */ = {
			isa = PBXProject;
			attributes = {
				LastUpgradeCheck = 0460;
				ORGANIZATIONNAME = guorong;
			};
			buildConfigurationList = 7BDF2DAC17F2D313003157AF /* Build configuration list for PBXProject "FinalPG" */;
			compatibilityVersion = "Xcode 3.2";
			developmentRegion = English;
			hasScannedForEncodings = 0;
			knownRegions = (
				en,
			);
			mainGroup = 7BDF2DA817F2D313003157AF;
			productRefGroup = 7BDF2DB217F2D313003157AF /* Products */;
			projectDirPath = "";
			projectRoot = "";
			targets = (
				7BDF2DB017F2D313003157AF /* FinalPG */,
			);
		};
/* End PBXProject section */

/* Begin PBXResourcesBuildPhase section */
		7BDF2DAF17F2D313003157AF /* Resources */ = {
			isa = PBXResourcesBuildPhase;
			buildActionMask = 2147483647;
			files = (
				7BDF2DBF17F2D313003157AF /* InfoPlist.strings in Resources */,
				7BDF2DC717F2D313003157AF /* Default.png in Resources */,
				7BDF2DC917F2D313003157AF /* Default@2x.png in Resources */,
				7BDF2DCB17F2D313003157AF /* Default-568h@2x.png in Resources */,
				7BDF2DDC17F2D3A6003157AF /* tabbar.xib in Resources */,
				7BDF2E0617F2E3A3003157AF /* Favorite.png in Resources */,
				7BDF2E0717F2E3A3003157AF /* Favorite1.png in Resources */,
				7BDF2E0817F2E3A3003157AF /* My Reservation1.png in Resources */,
				7BDF2E0917F2E3A3003157AF /* My-Reservation.png in Resources */,
				7BDF2E0A17F2E3A3003157AF /* Profile.png in Resources */,
				7BDF2E0B17F2E3A3003157AF /* Profile1.png in Resources */,
				7BDF2E0C17F2E3A3003157AF /* Search.png in Resources */,
				7BDF2E0D17F2E3A3003157AF /* search1.png in Resources */,
				7BBEE98F1851AEB900C72276 /* head.png in Resources */,
			);
			runOnlyForDeploymentPostprocessing = 0;
		};
/* End PBXResourcesBuildPhase section */

/* Begin PBXSourcesBuildPhase section */
		7BDF2DAD17F2D313003157AF /* Sources */ = {
			isa = PBXSourcesBuildPhase;
			buildActionMask = 2147483647;
			files = (
				7B57D79D181925E3000C90FB /* BlueViewController.m in Sources */,
				7BDF2DC117F2D313003157AF /* main.m in Sources */,
				7BDF2DC517F2D313003157AF /* AppDelegate.m in Sources */,
				7BDF2DE617F2DBFD003157AF /* GreenViewController.m in Sources */,
				7BDF2DE717F2DBFD003157AF /* RedViewController.m in Sources */,
				7BDF2DE817F2DBFD003157AF /* YellowViewController.m in Sources */,
				7BDF2DEF17F2DDEB003157AF /* Ivan_UITabBar.m in Sources */,
				7BDF2DF017F2DDEB003157AF /* UIBadgeView.m in Sources */,
				7B7707E717F817880022E2EE /* CXMLDocument_CreationExtensions.m in Sources */,
				7B7707E817F817880022E2EE /* CXMLNode_CreationExtensions.m in Sources */,
				7B7707E917F817880022E2EE /* CXHTMLDocument.m in Sources */,
				7B7707EA17F817880022E2EE /* CXMLDocument.m in Sources */,
				7B7707EB17F817880022E2EE /* CXMLDocument_PrivateExtensions.m in Sources */,
				7B7707EC17F817880022E2EE /* CXMLElement.m in Sources */,
				7B7707ED17F817880022E2EE /* CXMLElement_CreationExtensions.m in Sources */,
				7B7707EE17F817880022E2EE /* CXMLElement_ElementTreeExtensions.m in Sources */,
				7B7707EF17F817880022E2EE /* CXMLNamespaceNode.m in Sources */,
				7B7707F017F817880022E2EE /* CXMLNode.m in Sources */,
				7B7707F117F817880022E2EE /* CXMLNode_PrivateExtensions.m in Sources */,
				7B7707F217F817880022E2EE /* CXMLNode_XPathExtensions.m in Sources */,
				7B7707F317F817880022E2EE /* CTidy.m in Sources */,
				7B7707F917F81F410022E2EE /* RootViewController.m in Sources */,
				7B567C1D17FE9BD500FB7D7B /* SaleDetail.m in Sources */,
				7B0157C31801AFDA00C63FDF /* CutomViewCell.m in Sources */,
				7BC96AA11803D37700F83802 /* UIImageView+DispatchLoad.m in Sources */,
				7BC96AA61803F8D900F83802 /* FileManager.m in Sources */,
				7BF97789183B4D6E00C50039 /* HttpService.m in Sources */,
				7B72D630183CB55100DC10D2 /* UIProgressHud.m in Sources */,
				7B24A74F184CBBC3004C8432 /* NSDictionary(JSON).m in Sources */,
				7B2B6BC91850A55900B53315 /* DownloadDelegate.m in Sources */,
				7B2B6BCA1850A55900B53315 /* FileInfo.m in Sources */,
				7B2B6BCB1850A55900B53315 /* UploadDelegate.m in Sources */,
			);
			runOnlyForDeploymentPostprocessing = 0;
		};
/* End PBXSourcesBuildPhase section */

/* Begin PBXVariantGroup section */
		7BDF2DBD17F2D313003157AF /* InfoPlist.strings */ = {
			isa = PBXVariantGroup;
			children = (
				7BDF2DBE17F2D313003157AF /* en */,
			);
			name = InfoPlist.strings;
			sourceTree = "<group>";
		};
/* End PBXVariantGroup section */

/* Begin XCBuildConfiguration section */
		7BDF2DCC17F2D313003157AF /* Debug */ = {
			isa = XCBuildConfiguration;
			buildSettings = {
				ALWAYS_SEARCH_USER_PATHS = NO;
				CLANG_CXX_LANGUAGE_STANDARD = "gnu++0x";
				CLANG_CXX_LIBRARY = "libc++";
				CLANG_WARN_CONSTANT_CONVERSION = YES;
				CLANG_WARN_EMPTY_BODY = YES;
				CLANG_WARN_ENUM_CONVERSION = YES;
				CLANG_WARN_INT_CONVERSION = YES;
				CLANG_WARN__DUPLICATE_METHOD_MATCH = YES;
				"CODE_SIGN_IDENTITY[sdk=iphoneos*]" = "iPhone Developer";
				COPY_PHASE_STRIP = NO;
				GCC_C_LANGUAGE_STANDARD = gnu99;
				GCC_DYNAMIC_NO_PIC = NO;
				GCC_OPTIMIZATION_LEVEL = 0;
				GCC_PREPROCESSOR_DEFINITIONS = (
					"DEBUG=1",
					"$(inherited)",
				);
				GCC_SYMBOLS_PRIVATE_EXTERN = NO;
				GCC_WARN_ABOUT_RETURN_TYPE = YES;
				GCC_WARN_UNINITIALIZED_AUTOS = YES;
				GCC_WARN_UNUSED_VARIABLE = YES;
				HEADER_SEARCH_PATHS = /usr/include/libxml2;
				IPHONEOS_DEPLOYMENT_TARGET = 6.1;
				ONLY_ACTIVE_ARCH = YES;
				OTHER_LDFLAGS = "-objc";
				"OTHER_LDFLAGS[sdk=iphoneos6.1][arch=armv7]" = "-lxml2";
				SDKROOT = iphoneos6.1;
			};
			name = Debug;
		};
		7BDF2DCD17F2D313003157AF /* Release */ = {
			isa = XCBuildConfiguration;
			buildSettings = {
				ALWAYS_SEARCH_USER_PATHS = NO;
				CLANG_CXX_LANGUAGE_STANDARD = "gnu++0x";
				CLANG_CXX_LIBRARY = "libc++";
				CLANG_WARN_CONSTANT_CONVERSION = YES;
				CLANG_WARN_EMPTY_BODY = YES;
				CLANG_WARN_ENUM_CONVERSION = YES;
				CLANG_WARN_INT_CONVERSION = YES;
				CLANG_WARN__DUPLICATE_METHOD_MATCH = YES;
				"CODE_SIGN_IDENTITY[sdk=iphoneos*]" = "iPhone Developer";
				COPY_PHASE_STRIP = YES;
				GCC_C_LANGUAGE_STANDARD = gnu99;
				GCC_WARN_ABOUT_RETURN_TYPE = YES;
				GCC_WARN_UNINITIALIZED_AUTOS = YES;
				GCC_WARN_UNUSED_VARIABLE = YES;
				HEADER_SEARCH_PATHS = /usr/include/libxml2;
				IPHONEOS_DEPLOYMENT_TARGET = 6.1;
				ONLY_ACTIVE_ARCH = YES;
				OTHER_CFLAGS = "-DNS_BLOCK_ASSERTIONS=1";
				OTHER_LDFLAGS = "-objc";
				"OTHER_LDFLAGS[sdk=iphoneos6.1][arch=armv7]" = "-lxml2";
				SDKROOT = iphoneos6.1;
				VALIDATE_PRODUCT = YES;
			};
			name = Release;
		};
		7BDF2DCF17F2D313003157AF /* Debug */ = {
			isa = XCBuildConfiguration;
			buildSettings = {
				GCC_PRECOMPILE_PREFIX_HEADER = YES;
				GCC_PREFIX_HEADER = "FinalPG/FinalPG-Prefix.pch";
				INFOPLIST_FILE = "FinalPG/FinalPG-Info.plist";
				OTHER_LDFLAGS = "";
				PRODUCT_NAME = "$(TARGET_NAME)";
				WRAPPER_EXTENSION = app;
			};
			name = Debug;
		};
		7BDF2DD017F2D313003157AF /* Release */ = {
			isa = XCBuildConfiguration;
			buildSettings = {
				GCC_PRECOMPILE_PREFIX_HEADER = YES;
				GCC_PREFIX_HEADER = "FinalPG/FinalPG-Prefix.pch";
				INFOPLIST_FILE = "FinalPG/FinalPG-Info.plist";
				OTHER_LDFLAGS = "";
				PRODUCT_NAME = "$(TARGET_NAME)";
				WRAPPER_EXTENSION = app;
			};
			name = Release;
		};
/* End XCBuildConfiguration section */

/* Begin XCConfigurationList section */
		7BDF2DAC17F2D313003157AF /* Build configuration list for PBXProject "FinalPG" */ = {
			isa = XCConfigurationList;
			buildConfigurations = (
				7BDF2DCC17F2D313003157AF /* Debug */,
				7BDF2DCD17F2D313003157AF /* Release */,
			);
			defaultConfigurationIsVisible = 0;
			defaultConfigurationName = Release;
		};
		7BDF2DCE17F2D313003157AF /* Build configuration list for PBXNativeTarget "FinalPG" */ = {
			isa = XCConfigurationList;
			buildConfigurations = (
				7BDF2DCF17F2D313003157AF /* Debug */,
				7BDF2DD017F2D313003157AF /* Release */,
			);
			defaultConfigurationIsVisible = 0;
			defaultConfigurationName = Release;
		};
/* End XCConfigurationList section */
	};
	rootObject = 7BDF2DA917F2D313003157AF /* Project object */;
}
